
Microsoft Visual Studio Solution File, Format Version 11.00
# Visual Studio 2010
Project("{FAE04EC0-301F-11D3-BF4B-00C04F79EFBC}") = "ThisDayInHistory", "ThisDayInHistory\ThisDayInHistory.csproj", "{6E356A74-2309-459C-A90E-0AB2042994D7}"
EndProject
Project("{FAE04EC0-301F-11D3-BF4B-00C04F79EFBC}") = "String Formatting", "String Formatting\String Formatting.csproj", "{5E5EB6BD-5FD8-4672-9A55-0F86F28FF7C9}"
EndProject
Project("{FAE04EC0-301F-11D3-BF4B-00C04F79EFBC}") = "Numbers Formatting", "Numbers Formatting\Numbers Formatting.csproj", "{2F1B21BB-FEF5-4C00-8069-9EEE62C3E6A6}"
EndProject
Project("{FAE04EC0-301F-11D3-BF4B-00C04F79EFBC}") = "Today In History", "Today In History\Today In History.csproj", "{2AB366AA-6297-4C40-9DBD-779A50EB3564}"
EndProject
Project("{FAE04EC0-301F-11D3-BF4B-00C04F79EFBC}") = "The Savings Calculator", "The Savings Calculator\The Savings Calculator.csproj", "{C5B7F552-1FAA-4E4F-8470-76FEA7A51B5B}"
EndProject
Project("{FAE04EC0-301F-11D3-BF4B-00C04F79EFBC}") = "Write and Call Methods", "Write and Call Methods\Write and Call Methods.csproj", "{E3AD3041-68DC-4A21-9690-511806B9DBA9}"
EndProject
Project("{FAE04EC0-301F-11D3-BF4B-00C04F79EFBC}") = "Return Value From A Method", "Return Value From A Method\Return Value From A Method.csproj", "{CCC236E6-49AD-410A-86AB-504852E1CBEF}"
EndProject
Project("{FAE04EC0-301F-11D3-BF4B-00C04F79EFBC}") = "Rainbow Line", "Rainbow Line\Rainbow Line.csproj", "{6CA7CCAE-AD53-4683-936C-614F5A9F2E25}"
EndProject
Project("{FAE04EC0-301F-11D3-BF4B-00C04F79EFBC}") = "Folder Info", "Folder Info\Folder Info.csproj", "{AD613195-7C24-4D13-899E-FCB4889BCED5}"
EndProject
Project("{FAE04EC0-301F-11D3-BF4B-00C04F79EFBC}") = "Folder Browser", "Folder Browser\Folder Browser.csproj", "{486D6662-9C56-4A09-994B-75623AA88651}"
EndProject
Project("{FAE04EC0-301F-11D3-BF4B-00C04F79EFBC}") = "Person Class", "Person\Person Class.csproj", "{BAC11DD3-6257-4178-B7DE-DF5C9958FEC3}"
EndProject
Project("{FAE04EC0-301F-11D3-BF4B-00C04F79EFBC}") = "Properties", "..\..\Code Snippets\Visual C#\My Code Snippets\Properties\before\Properties\Properties.csproj", "{D272D9C0-5690-4E25-BA58-591393019848}"
EndProject
Project("{FAE04EC0-301F-11D3-BF4B-00C04F79EFBC}") = "Define Enums", "Define Enums\Define Enums.csproj", "{EE83CF01-1B92-42E2-B7A6-8607FED7C05C}"
EndProject
Project("{FAE04EC0-301F-11D3-BF4B-00C04F79EFBC}") = "Handling Exeptions", "Handling Exeptions\Handling Exeptions.csproj", "{7C8CA47A-2730-4E99-A234-F1C5BFB0F775}"
EndProject
Project("{FAE04EC0-301F-11D3-BF4B-00C04F79EFBC}") = "ExceptionHandling", "ExceptionHandling\ExceptionHandling.csproj", "{D6E067CF-84AB-4049-9AFF-6D91D453814F}"
EndProject
Project("{FAE04EC0-301F-11D3-BF4B-00C04F79EFBC}") = "Executable", "Libraries\Executable.csproj", "{527F4950-36FF-45E4-B60D-7C6AD70E7100}"
EndProject
Project("{FAE04EC0-301F-11D3-BF4B-00C04F79EFBC}") = "ClassLibrary", "ClassLibrary\ClassLibrary.csproj", "{7F2C4618-F70A-4AA6-8F81-09FA520832E2}"
EndProject
Project("{FAE04EC0-301F-11D3-BF4B-00C04F79EFBC}") = "Executable2", "Executable2\Executable2.csproj", "{F98E3B0B-DF13-4CF6-9EF2-C437FF7324F0}"
EndProject
Project("{FAE04EC0-301F-11D3-BF4B-00C04F79EFBC}") = "CPoint", "CPoint\CPoint.csproj", "{BE78623B-B1AE-4431-8EC4-786C1EAEB09F}"
EndProject
Project("{FAE04EC0-301F-11D3-BF4B-00C04F79EFBC}") = "SPoint", "SPoint\SPoint.csproj", "{E5E503D8-2D7A-4392-ADB6-06F57FFB07F5}"
EndProject
Project("{FAE04EC0-301F-11D3-BF4B-00C04F79EFBC}") = "GpsConsoleApp", "GpsConsoleApp\GpsConsoleApp.csproj", "{1CD1120F-503C-48EC-A1A9-95D2DE952B22}"
EndProject
Project("{FAE04EC0-301F-11D3-BF4B-00C04F79EFBC}") = "GpsLibrary", "GpsLibrary\GpsLibrary.csproj", "{7D64C4E7-B20E-4A4C-AE10-6D1372CD993C}"
EndProject
Project("{FAE04EC0-301F-11D3-BF4B-00C04F79EFBC}") = "Dog And Cat", "Dog And Cat\Dog And Cat.csproj", "{3F510926-B7CC-4FB9-8E09-46BF5718C463}"
EndProject
Project("{FAE04EC0-301F-11D3-BF4B-00C04F79EFBC}") = "Nullabe Types", "Nullabe Types\Nullabe Types.csproj", "{250D0645-3474-42DE-8E0A-88C5F2BD67D2}"
EndProject
Project("{FAE04EC0-301F-11D3-BF4B-00C04F79EFBC}") = "Bank Accounts", "Bank Accounts\Bank Accounts.csproj", "{9393D7E4-11EE-4DF1-B8C6-504F4970576C}"
EndProject
Project("{FAE04EC0-301F-11D3-BF4B-00C04F79EFBC}") = "Interfaces", "Interfaces\Interfaces.csproj", "{F6B9A6F1-5568-4429-87AF-7CAAA249E25C}"
EndProject
Project("{FAE04EC0-301F-11D3-BF4B-00C04F79EFBC}") = "Call a Generic Method", "Call a Generic Method\Call a Generic Method.csproj", "{3B365BFD-C5CC-40FF-94AE-D6CA363A4F85}"
EndProject
Project("{FAE04EC0-301F-11D3-BF4B-00C04F79EFBC}") = "Write a Generic Method", "Write a Generic Method\Write a Generic Method.csproj", "{D20D72AC-CCE8-4519-8ACF-7105CF0DCA36}"
EndProject
Project("{FAE04EC0-301F-11D3-BF4B-00C04F79EFBC}") = "Write a Generic Class", "Write a Generic Class\Write a Generic Class.csproj", "{B2038944-E2E6-4DDE-9A4E-942BD844D8E4}"
EndProject
Project("{FAE04EC0-301F-11D3-BF4B-00C04F79EFBC}") = "Apply Generic Constraints", "Apply Generic Constraints\Apply Generic Constraints.csproj", "{87D77327-6A21-415D-BBFE-57B83EE59DAA}"
EndProject
Project("{FAE04EC0-301F-11D3-BF4B-00C04F79EFBC}") = "Generics", "Generics\Generics.csproj", "{4CD708D0-78EF-4A88-A3F0-BC21732E040D}"
EndProject
Project("{FAE04EC0-301F-11D3-BF4B-00C04F79EFBC}") = "Friends", "Friends Collection\Friends.csproj", "{28F349AC-E4E7-41C8-85EE-15D9DEC0214B}"
EndProject
Project("{FAE04EC0-301F-11D3-BF4B-00C04F79EFBC}") = "BooksCollection", "Books Collection\BooksCollection.csproj", "{315DAED4-420B-482C-92E7-2B0E44DE5D66}"
EndProject
Project("{FAE04EC0-301F-11D3-BF4B-00C04F79EFBC}") = "Subscribe To Events", "Subscribe To Events\Subscribe To Events.csproj", "{B6E40D12-64F2-4BBE-96DB-F8A01FCFED77}"
EndProject
Project("{FAE04EC0-301F-11D3-BF4B-00C04F79EFBC}") = "FolderWatcher", "FolderWatcher\FolderWatcher.csproj", "{EE228C3D-037F-4D3C-8A14-66EF7C455AED}"
EndProject
Project("{FAE04EC0-301F-11D3-BF4B-00C04F79EFBC}") = "Basic delegate usage", "Basic delegate usage\Basic delegate usage.csproj", "{2597BD28-5BD4-4C0F-9931-7D017320568B}"
EndProject
Project("{FAE04EC0-301F-11D3-BF4B-00C04F79EFBC}") = "Delegate set to null", "Delegate set to null\Delegate set to null.csproj", "{E72E4C0A-1C80-45B2-8A6D-6E3A937E4E00}"
EndProject
Project("{FAE04EC0-301F-11D3-BF4B-00C04F79EFBC}") = "Delegate pointing at .NET method", "Delegate pointing at .NET method\Delegate pointing at .NET method.csproj", "{CFAE11E6-555B-4D4C-9432-C133C3F6BBB7}"
EndProject
Project("{FAE04EC0-301F-11D3-BF4B-00C04F79EFBC}") = "Delegate pointing at two different methods", "Delegate pointing at two different methods\Delegate pointing at two different methods.csproj", "{DEA2437B-66BB-4E17-B85D-F98AC6DCDCB2}"
EndProject
Project("{FAE04EC0-301F-11D3-BF4B-00C04F79EFBC}") = "Delegate unsubscription", "Delegate unsubscription\Delegate unsubscription.csproj", "{66B6A21A-C444-40F2-95D7-C49E7BBEB28C}"
EndProject
Project("{FAE04EC0-301F-11D3-BF4B-00C04F79EFBC}") = "All methods unsubscribed", "All methods unsubscribed\All methods unsubscribed.csproj", "{C0521570-766D-4938-A389-7A0594F74731}"
EndProject
Project("{FAE04EC0-301F-11D3-BF4B-00C04F79EFBC}") = "Convert Code to use EventHandler_T_", "Convert Code to use EventHandler_T_\Convert Code to use EventHandler_T_.csproj", "{8AEB808E-8809-4CB9-B023-9010CD0E1FCC}"
EndProject
Project("{FAE04EC0-301F-11D3-BF4B-00C04F79EFBC}") = "PrimeNumberCalc", "PrimeNumberCalc\PrimeNumberCalc.csproj", "{F73F7D00-B44E-4549-ADFC-5C7FF9D64356}"
EndProject
Project("{FAE04EC0-301F-11D3-BF4B-00C04F79EFBC}") = "Arithmetic Delegate", "Arithmetic Delegate\Arithmetic Delegate.csproj", "{A3A94AAF-964F-4AEA-9830-E46B291E336D}"
EndProject
Project("{FAE04EC0-301F-11D3-BF4B-00C04F79EFBC}") = "Test_Delegate", "Test_Delegate\Test_Delegate.csproj", "{32D7F6E9-173A-4582-8EDC-671021C23A67}"
EndProject
Project("{FAE04EC0-301F-11D3-BF4B-00C04F79EFBC}") = "20 Questions", "20 Questions\20 Questions.csproj", "{EE69F077-2B03-4C5C-A32C-3085836CE4B1}"
EndProject
Project("{FAE04EC0-301F-11D3-BF4B-00C04F79EFBC}") = "Call Dispose Method", "Call Dispose Method\Call Dispose Method.csproj", "{FFF45CE7-A1E5-445C-852F-44741BB0AA88}"
EndProject
Project("{FAE04EC0-301F-11D3-BF4B-00C04F79EFBC}") = "DisposableFolderWatcher", "Folder Watcher Disposable\DisposableFolderWatcher.csproj", "{15C87E2D-55DA-46BB-BCE4-D929C3F0C72D}"
EndProject
Project("{FAE04EC0-301F-11D3-BF4B-00C04F79EFBC}") = "TestYourself", "Manage Disposable Resources\TestYourself.csproj", "{6E0B55DC-A516-497B-8567-500310D28599}"
EndProject
Project("{FAE04EC0-301F-11D3-BF4B-00C04F79EFBC}") = "BackgroundMusicPlayer", "BackgroundMusicPlayer\BackgroundMusicPlayer.csproj", "{00D1C7A2-8594-4401-B4A4-72BBFCA4C472}"
EndProject
Project("{FAE04EC0-301F-11D3-BF4B-00C04F79EFBC}") = "Lambda Expressions", "Lambda Expressions\Lambda Expressions.csproj", "{0BC67DB3-B402-457D-9A6D-008E2BE78B39}"
EndProject
Project("{FAE04EC0-301F-11D3-BF4B-00C04F79EFBC}") = "Lambda Expressions With Different Signatures", "Lambda Expressions With Different Signatures\Lambda Expressions With Different Signatures.csproj", "{A2FE99FE-E61A-420A-9E05-F6B145A257A2}"
EndProject
Project("{FAE04EC0-301F-11D3-BF4B-00C04F79EFBC}") = "Lambda Expressions With Build In Delegates", "Lambda Expressions With Build In Delegates\Lambda Expressions With Build In Delegates.csproj", "{D98F818D-FB70-48D9-AB7D-EF569AC09257}"
EndProject
Project("{FAE04EC0-301F-11D3-BF4B-00C04F79EFBC}") = "Lambda Expressions In Method with Func type param", "Lambda Expressions In Method with Func type param\Lambda Expressions In Method with Func type param.csproj", "{2A13F331-81C3-410D-B82B-8A2EA20B5CEB}"
EndProject
Project("{FAE04EC0-301F-11D3-BF4B-00C04F79EFBC}") = "UsingIterators", "UsingIterators\UsingIterators.csproj", "{DAEB28B0-084D-40A2-9BC5-1C041A22967F}"
EndProject
Project("{FAE04EC0-301F-11D3-BF4B-00C04F79EFBC}") = "Implement_IEnumerable", "Implement_IEnumerable\Implement_IEnumerable.csproj", "{170E61F8-B343-411E-93F1-9EBD461B79B8}"
EndProject
Project("{FAE04EC0-301F-11D3-BF4B-00C04F79EFBC}") = "MovieReader", "moviereader\MovieReader.csproj", "{FDAAEE8B-BB17-4716-9F3E-6DDA5B912153}"
EndProject
Project("{FAE04EC0-301F-11D3-BF4B-00C04F79EFBC}") = "LINQ Querrying Countries List", "LINQ Querrying Countries List\LINQ Querrying Countries List.csproj", "{3C53E9C7-0BC7-40C7-AC5E-E3D30F8E4F7F}"
EndProject
Project("{FAE04EC0-301F-11D3-BF4B-00C04F79EFBC}") = "LINQ Lambda Expressions", "LINQ Lambda Expressions\LINQ Lambda Expressions.csproj", "{3916BE43-FCB2-4E42-BEDE-FF500CA42BB9}"
EndProject
Project("{FAE04EC0-301F-11D3-BF4B-00C04F79EFBC}") = "LINQ Deffered Execution", "LINQ Deffered Execution\LINQ Deffered Execution.csproj", "{14662529-D89A-4122-A937-81F3F4A7A0DD}"
EndProject
Project("{FAE04EC0-301F-11D3-BF4B-00C04F79EFBC}") = "LINQ Practice Querries", "LINQ Practice Querries\LINQ Practice Querries.csproj", "{450155B9-55BC-46A1-BA92-224B08297DA0}"
EndProject
Project("{FAE04EC0-301F-11D3-BF4B-00C04F79EFBC}") = "LINQ Agregation Operators", "LINQ Agregation Operators\LINQ Agregation Operators.csproj", "{862B511B-7248-4152-A600-2C099ECE8CB8}"
EndProject
Project("{FAE04EC0-301F-11D3-BF4B-00C04F79EFBC}") = "LINQ Groupping Operators", "LINQ Groupping Operators\LINQ Groupping Operators.csproj", "{84C8332A-E94B-4AB0-A037-E0F74D3D5718}"
EndProject
Project("{FAE04EC0-301F-11D3-BF4B-00C04F79EFBC}") = "LINQ Join Operators", "LINQ Join Operators\LINQ Join Operators.csproj", "{14DDC6CE-E6E0-4B60-AD83-750B5DCFB483}"
EndProject
Project("{FAE04EC0-301F-11D3-BF4B-00C04F79EFBC}") = "01_Load_an_XML_file", "01_Load_an_XML_file\01_Load_an_XML_file.csproj", "{9B188277-E84B-4A93-BF52-7A98999BA589}"
EndProject
Project("{FAE04EC0-301F-11D3-BF4B-00C04F79EFBC}") = "02_Practice_using_LINQ_to_XML", "02_Practice_using_LINQ_to_XML\02_Practice_using_LINQ_to_XML.csproj", "{DC973487-CD4D-41AC-881A-F19CB968EA49}"
EndProject
Project("{FAE04EC0-301F-11D3-BF4B-00C04F79EFBC}") = "03_Use_XElement_to_create_XML_fragments", "03_Use_XElement_to_create_XML_fragments\03_Use_XElement_to_create_XML_fragments.csproj", "{AC3F1075-114C-4DF4-958A-C31AA84A33D8}"
EndProject
Project("{FAE04EC0-301F-11D3-BF4B-00C04F79EFBC}") = "04_Create_an_XML_document_using_LINQ", "04_Create_an_XML_document_using_LINQ\04_Create_an_XML_document_using_LINQ.csproj", "{9B786FAE-A554-4A76-953D-F52677184FE5}"
EndProject
Project("{FAE04EC0-301F-11D3-BF4B-00C04F79EFBC}") = "05_Create_an_XML_document_using_LINQ", "05_Create_an_XML_document_using_LINQ\05_Create_an_XML_document_using_LINQ.csproj", "{44B7CC7D-ADA8-490B-A531-C0BE425C4423}"
EndProject
Project("{FAE04EC0-301F-11D3-BF4B-00C04F79EFBC}") = "06_ConvertSalesReceiptsToXml", "ConvertSalesReceiptsToXml\06_ConvertSalesReceiptsToXml.csproj", "{6DEE84FD-DCF3-4D68-9E48-EA9AED2BD5F7}"
EndProject
Global
	GlobalSection(SolutionConfigurationPlatforms) = preSolution
		Code Analysis|Any CPU = Code Analysis|Any CPU
		Code Analysis|Mixed Platforms = Code Analysis|Mixed Platforms
		Code Analysis|x86 = Code Analysis|x86
		Debug|Any CPU = Debug|Any CPU
		Debug|Mixed Platforms = Debug|Mixed Platforms
		Debug|x86 = Debug|x86
		Release|Any CPU = Release|Any CPU
		Release|Mixed Platforms = Release|Mixed Platforms
		Release|x86 = Release|x86
	EndGlobalSection
	GlobalSection(ProjectConfigurationPlatforms) = postSolution
		{6E356A74-2309-459C-A90E-0AB2042994D7}.Code Analysis|Any CPU.ActiveCfg = Code Analysis|x86
		{6E356A74-2309-459C-A90E-0AB2042994D7}.Code Analysis|Mixed Platforms.ActiveCfg = Code Analysis|x86
		{6E356A74-2309-459C-A90E-0AB2042994D7}.Code Analysis|Mixed Platforms.Build.0 = Code Analysis|x86
		{6E356A74-2309-459C-A90E-0AB2042994D7}.Code Analysis|x86.ActiveCfg = Code Analysis|x86
		{6E356A74-2309-459C-A90E-0AB2042994D7}.Code Analysis|x86.Build.0 = Code Analysis|x86
		{6E356A74-2309-459C-A90E-0AB2042994D7}.Debug|Any CPU.ActiveCfg = Debug|x86
		{6E356A74-2309-459C-A90E-0AB2042994D7}.Debug|Mixed Platforms.ActiveCfg = Debug|x86
		{6E356A74-2309-459C-A90E-0AB2042994D7}.Debug|x86.ActiveCfg = Debug|x86
		{6E356A74-2309-459C-A90E-0AB2042994D7}.Release|Any CPU.ActiveCfg = Release|x86
		{6E356A74-2309-459C-A90E-0AB2042994D7}.Release|Mixed Platforms.ActiveCfg = Release|x86
		{6E356A74-2309-459C-A90E-0AB2042994D7}.Release|x86.ActiveCfg = Release|x86
		{6E356A74-2309-459C-A90E-0AB2042994D7}.Release|x86.Build.0 = Release|x86
		{5E5EB6BD-5FD8-4672-9A55-0F86F28FF7C9}.Code Analysis|Any CPU.ActiveCfg = Code Analysis|x86
		{5E5EB6BD-5FD8-4672-9A55-0F86F28FF7C9}.Code Analysis|Mixed Platforms.ActiveCfg = Code Analysis|x86
		{5E5EB6BD-5FD8-4672-9A55-0F86F28FF7C9}.Code Analysis|Mixed Platforms.Build.0 = Code Analysis|x86
		{5E5EB6BD-5FD8-4672-9A55-0F86F28FF7C9}.Code Analysis|x86.ActiveCfg = Code Analysis|x86
		{5E5EB6BD-5FD8-4672-9A55-0F86F28FF7C9}.Code Analysis|x86.Build.0 = Code Analysis|x86
		{5E5EB6BD-5FD8-4672-9A55-0F86F28FF7C9}.Debug|Any CPU.ActiveCfg = Debug|x86
		{5E5EB6BD-5FD8-4672-9A55-0F86F28FF7C9}.Debug|Mixed Platforms.ActiveCfg = Debug|x86
		{5E5EB6BD-5FD8-4672-9A55-0F86F28FF7C9}.Debug|x86.ActiveCfg = Debug|x86
		{5E5EB6BD-5FD8-4672-9A55-0F86F28FF7C9}.Release|Any CPU.ActiveCfg = Release|x86
		{5E5EB6BD-5FD8-4672-9A55-0F86F28FF7C9}.Release|Mixed Platforms.ActiveCfg = Release|x86
		{5E5EB6BD-5FD8-4672-9A55-0F86F28FF7C9}.Release|x86.ActiveCfg = Release|x86
		{5E5EB6BD-5FD8-4672-9A55-0F86F28FF7C9}.Release|x86.Build.0 = Release|x86
		{2F1B21BB-FEF5-4C00-8069-9EEE62C3E6A6}.Code Analysis|Any CPU.ActiveCfg = Code Analysis|x86
		{2F1B21BB-FEF5-4C00-8069-9EEE62C3E6A6}.Code Analysis|Mixed Platforms.ActiveCfg = Code Analysis|x86
		{2F1B21BB-FEF5-4C00-8069-9EEE62C3E6A6}.Code Analysis|Mixed Platforms.Build.0 = Code Analysis|x86
		{2F1B21BB-FEF5-4C00-8069-9EEE62C3E6A6}.Code Analysis|x86.ActiveCfg = Code Analysis|x86
		{2F1B21BB-FEF5-4C00-8069-9EEE62C3E6A6}.Code Analysis|x86.Build.0 = Code Analysis|x86
		{2F1B21BB-FEF5-4C00-8069-9EEE62C3E6A6}.Debug|Any CPU.ActiveCfg = Debug|x86
		{2F1B21BB-FEF5-4C00-8069-9EEE62C3E6A6}.Debug|Mixed Platforms.ActiveCfg = Debug|x86
		{2F1B21BB-FEF5-4C00-8069-9EEE62C3E6A6}.Debug|x86.ActiveCfg = Debug|x86
		{2F1B21BB-FEF5-4C00-8069-9EEE62C3E6A6}.Release|Any CPU.ActiveCfg = Release|x86
		{2F1B21BB-FEF5-4C00-8069-9EEE62C3E6A6}.Release|Mixed Platforms.ActiveCfg = Release|x86
		{2F1B21BB-FEF5-4C00-8069-9EEE62C3E6A6}.Release|x86.ActiveCfg = Release|x86
		{2F1B21BB-FEF5-4C00-8069-9EEE62C3E6A6}.Release|x86.Build.0 = Release|x86
		{2AB366AA-6297-4C40-9DBD-779A50EB3564}.Code Analysis|Any CPU.ActiveCfg = Code Analysis|x86
		{2AB366AA-6297-4C40-9DBD-779A50EB3564}.Code Analysis|Mixed Platforms.ActiveCfg = Code Analysis|x86
		{2AB366AA-6297-4C40-9DBD-779A50EB3564}.Code Analysis|Mixed Platforms.Build.0 = Code Analysis|x86
		{2AB366AA-6297-4C40-9DBD-779A50EB3564}.Code Analysis|x86.ActiveCfg = Code Analysis|x86
		{2AB366AA-6297-4C40-9DBD-779A50EB3564}.Code Analysis|x86.Build.0 = Code Analysis|x86
		{2AB366AA-6297-4C40-9DBD-779A50EB3564}.Debug|Any CPU.ActiveCfg = Debug|x86
		{2AB366AA-6297-4C40-9DBD-779A50EB3564}.Debug|Mixed Platforms.ActiveCfg = Debug|x86
		{2AB366AA-6297-4C40-9DBD-779A50EB3564}.Debug|x86.ActiveCfg = Debug|x86
		{2AB366AA-6297-4C40-9DBD-779A50EB3564}.Release|Any CPU.ActiveCfg = Release|x86
		{2AB366AA-6297-4C40-9DBD-779A50EB3564}.Release|Mixed Platforms.ActiveCfg = Release|x86
		{2AB366AA-6297-4C40-9DBD-779A50EB3564}.Release|x86.ActiveCfg = Release|x86
		{2AB366AA-6297-4C40-9DBD-779A50EB3564}.Release|x86.Build.0 = Release|x86
		{C5B7F552-1FAA-4E4F-8470-76FEA7A51B5B}.Code Analysis|Any CPU.ActiveCfg = Code Analysis|x86
		{C5B7F552-1FAA-4E4F-8470-76FEA7A51B5B}.Code Analysis|Mixed Platforms.ActiveCfg = Code Analysis|x86
		{C5B7F552-1FAA-4E4F-8470-76FEA7A51B5B}.Code Analysis|Mixed Platforms.Build.0 = Code Analysis|x86
		{C5B7F552-1FAA-4E4F-8470-76FEA7A51B5B}.Code Analysis|x86.ActiveCfg = Code Analysis|x86
		{C5B7F552-1FAA-4E4F-8470-76FEA7A51B5B}.Code Analysis|x86.Build.0 = Code Analysis|x86
		{C5B7F552-1FAA-4E4F-8470-76FEA7A51B5B}.Debug|Any CPU.ActiveCfg = Debug|x86
		{C5B7F552-1FAA-4E4F-8470-76FEA7A51B5B}.Debug|Mixed Platforms.ActiveCfg = Debug|x86
		{C5B7F552-1FAA-4E4F-8470-76FEA7A51B5B}.Debug|x86.ActiveCfg = Debug|x86
		{C5B7F552-1FAA-4E4F-8470-76FEA7A51B5B}.Release|Any CPU.ActiveCfg = Release|x86
		{C5B7F552-1FAA-4E4F-8470-76FEA7A51B5B}.Release|Mixed Platforms.ActiveCfg = Release|x86
		{C5B7F552-1FAA-4E4F-8470-76FEA7A51B5B}.Release|x86.ActiveCfg = Release|x86
		{C5B7F552-1FAA-4E4F-8470-76FEA7A51B5B}.Release|x86.Build.0 = Release|x86
		{E3AD3041-68DC-4A21-9690-511806B9DBA9}.Code Analysis|Any CPU.ActiveCfg = Code Analysis|x86
		{E3AD3041-68DC-4A21-9690-511806B9DBA9}.Code Analysis|Mixed Platforms.ActiveCfg = Code Analysis|x86
		{E3AD3041-68DC-4A21-9690-511806B9DBA9}.Code Analysis|Mixed Platforms.Build.0 = Code Analysis|x86
		{E3AD3041-68DC-4A21-9690-511806B9DBA9}.Code Analysis|x86.ActiveCfg = Code Analysis|x86
		{E3AD3041-68DC-4A21-9690-511806B9DBA9}.Code Analysis|x86.Build.0 = Code Analysis|x86
		{E3AD3041-68DC-4A21-9690-511806B9DBA9}.Debug|Any CPU.ActiveCfg = Debug|x86
		{E3AD3041-68DC-4A21-9690-511806B9DBA9}.Debug|Mixed Platforms.ActiveCfg = Debug|x86
		{E3AD3041-68DC-4A21-9690-511806B9DBA9}.Debug|x86.ActiveCfg = Debug|x86
		{E3AD3041-68DC-4A21-9690-511806B9DBA9}.Release|Any CPU.ActiveCfg = Release|x86
		{E3AD3041-68DC-4A21-9690-511806B9DBA9}.Release|Mixed Platforms.ActiveCfg = Release|x86
		{E3AD3041-68DC-4A21-9690-511806B9DBA9}.Release|x86.ActiveCfg = Release|x86
		{E3AD3041-68DC-4A21-9690-511806B9DBA9}.Release|x86.Build.0 = Release|x86
		{CCC236E6-49AD-410A-86AB-504852E1CBEF}.Code Analysis|Any CPU.ActiveCfg = Code Analysis|x86
		{CCC236E6-49AD-410A-86AB-504852E1CBEF}.Code Analysis|Mixed Platforms.ActiveCfg = Code Analysis|x86
		{CCC236E6-49AD-410A-86AB-504852E1CBEF}.Code Analysis|Mixed Platforms.Build.0 = Code Analysis|x86
		{CCC236E6-49AD-410A-86AB-504852E1CBEF}.Code Analysis|x86.ActiveCfg = Code Analysis|x86
		{CCC236E6-49AD-410A-86AB-504852E1CBEF}.Code Analysis|x86.Build.0 = Code Analysis|x86
		{CCC236E6-49AD-410A-86AB-504852E1CBEF}.Debug|Any CPU.ActiveCfg = Debug|x86
		{CCC236E6-49AD-410A-86AB-504852E1CBEF}.Debug|Mixed Platforms.ActiveCfg = Debug|x86
		{CCC236E6-49AD-410A-86AB-504852E1CBEF}.Debug|x86.ActiveCfg = Debug|x86
		{CCC236E6-49AD-410A-86AB-504852E1CBEF}.Release|Any CPU.ActiveCfg = Release|x86
		{CCC236E6-49AD-410A-86AB-504852E1CBEF}.Release|Mixed Platforms.ActiveCfg = Release|x86
		{CCC236E6-49AD-410A-86AB-504852E1CBEF}.Release|x86.ActiveCfg = Release|x86
		{CCC236E6-49AD-410A-86AB-504852E1CBEF}.Release|x86.Build.0 = Release|x86
		{6CA7CCAE-AD53-4683-936C-614F5A9F2E25}.Code Analysis|Any CPU.ActiveCfg = Code Analysis|x86
		{6CA7CCAE-AD53-4683-936C-614F5A9F2E25}.Code Analysis|Mixed Platforms.ActiveCfg = Code Analysis|x86
		{6CA7CCAE-AD53-4683-936C-614F5A9F2E25}.Code Analysis|Mixed Platforms.Build.0 = Code Analysis|x86
		{6CA7CCAE-AD53-4683-936C-614F5A9F2E25}.Code Analysis|x86.ActiveCfg = Code Analysis|x86
		{6CA7CCAE-AD53-4683-936C-614F5A9F2E25}.Code Analysis|x86.Build.0 = Code Analysis|x86
		{6CA7CCAE-AD53-4683-936C-614F5A9F2E25}.Debug|Any CPU.ActiveCfg = Debug|x86
		{6CA7CCAE-AD53-4683-936C-614F5A9F2E25}.Debug|Mixed Platforms.ActiveCfg = Debug|x86
		{6CA7CCAE-AD53-4683-936C-614F5A9F2E25}.Debug|x86.ActiveCfg = Debug|x86
		{6CA7CCAE-AD53-4683-936C-614F5A9F2E25}.Release|Any CPU.ActiveCfg = Release|x86
		{6CA7CCAE-AD53-4683-936C-614F5A9F2E25}.Release|Mixed Platforms.ActiveCfg = Release|x86
		{6CA7CCAE-AD53-4683-936C-614F5A9F2E25}.Release|x86.ActiveCfg = Release|x86
		{6CA7CCAE-AD53-4683-936C-614F5A9F2E25}.Release|x86.Build.0 = Release|x86
		{AD613195-7C24-4D13-899E-FCB4889BCED5}.Code Analysis|Any CPU.ActiveCfg = Code Analysis|x86
		{AD613195-7C24-4D13-899E-FCB4889BCED5}.Code Analysis|Mixed Platforms.ActiveCfg = Code Analysis|x86
		{AD613195-7C24-4D13-899E-FCB4889BCED5}.Code Analysis|Mixed Platforms.Build.0 = Code Analysis|x86
		{AD613195-7C24-4D13-899E-FCB4889BCED5}.Code Analysis|x86.ActiveCfg = Code Analysis|x86
		{AD613195-7C24-4D13-899E-FCB4889BCED5}.Code Analysis|x86.Build.0 = Code Analysis|x86
		{AD613195-7C24-4D13-899E-FCB4889BCED5}.Debug|Any CPU.ActiveCfg = Debug|x86
		{AD613195-7C24-4D13-899E-FCB4889BCED5}.Debug|Mixed Platforms.ActiveCfg = Debug|x86
		{AD613195-7C24-4D13-899E-FCB4889BCED5}.Debug|x86.ActiveCfg = Debug|x86
		{AD613195-7C24-4D13-899E-FCB4889BCED5}.Release|Any CPU.ActiveCfg = Release|x86
		{AD613195-7C24-4D13-899E-FCB4889BCED5}.Release|Mixed Platforms.ActiveCfg = Release|x86
		{AD613195-7C24-4D13-899E-FCB4889BCED5}.Release|x86.ActiveCfg = Release|x86
		{AD613195-7C24-4D13-899E-FCB4889BCED5}.Release|x86.Build.0 = Release|x86
		{486D6662-9C56-4A09-994B-75623AA88651}.Code Analysis|Any CPU.ActiveCfg = Code Analysis|x86
		{486D6662-9C56-4A09-994B-75623AA88651}.Code Analysis|Mixed Platforms.ActiveCfg = Code Analysis|x86
		{486D6662-9C56-4A09-994B-75623AA88651}.Code Analysis|Mixed Platforms.Build.0 = Code Analysis|x86
		{486D6662-9C56-4A09-994B-75623AA88651}.Code Analysis|x86.ActiveCfg = Code Analysis|x86
		{486D6662-9C56-4A09-994B-75623AA88651}.Code Analysis|x86.Build.0 = Code Analysis|x86
		{486D6662-9C56-4A09-994B-75623AA88651}.Debug|Any CPU.ActiveCfg = Debug|x86
		{486D6662-9C56-4A09-994B-75623AA88651}.Debug|Mixed Platforms.ActiveCfg = Debug|x86
		{486D6662-9C56-4A09-994B-75623AA88651}.Debug|x86.ActiveCfg = Debug|x86
		{486D6662-9C56-4A09-994B-75623AA88651}.Release|Any CPU.ActiveCfg = Release|x86
		{486D6662-9C56-4A09-994B-75623AA88651}.Release|Mixed Platforms.ActiveCfg = Release|x86
		{486D6662-9C56-4A09-994B-75623AA88651}.Release|x86.ActiveCfg = Release|x86
		{486D6662-9C56-4A09-994B-75623AA88651}.Release|x86.Build.0 = Release|x86
		{BAC11DD3-6257-4178-B7DE-DF5C9958FEC3}.Code Analysis|Any CPU.ActiveCfg = Code Analysis|x86
		{BAC11DD3-6257-4178-B7DE-DF5C9958FEC3}.Code Analysis|Mixed Platforms.ActiveCfg = Code Analysis|x86
		{BAC11DD3-6257-4178-B7DE-DF5C9958FEC3}.Code Analysis|Mixed Platforms.Build.0 = Code Analysis|x86
		{BAC11DD3-6257-4178-B7DE-DF5C9958FEC3}.Code Analysis|x86.ActiveCfg = Code Analysis|x86
		{BAC11DD3-6257-4178-B7DE-DF5C9958FEC3}.Code Analysis|x86.Build.0 = Code Analysis|x86
		{BAC11DD3-6257-4178-B7DE-DF5C9958FEC3}.Debug|Any CPU.ActiveCfg = Debug|x86
		{BAC11DD3-6257-4178-B7DE-DF5C9958FEC3}.Debug|Mixed Platforms.ActiveCfg = Debug|x86
		{BAC11DD3-6257-4178-B7DE-DF5C9958FEC3}.Debug|x86.ActiveCfg = Debug|x86
		{BAC11DD3-6257-4178-B7DE-DF5C9958FEC3}.Release|Any CPU.ActiveCfg = Release|x86
		{BAC11DD3-6257-4178-B7DE-DF5C9958FEC3}.Release|Mixed Platforms.ActiveCfg = Release|x86
		{BAC11DD3-6257-4178-B7DE-DF5C9958FEC3}.Release|x86.ActiveCfg = Release|x86
		{BAC11DD3-6257-4178-B7DE-DF5C9958FEC3}.Release|x86.Build.0 = Release|x86
		{D272D9C0-5690-4E25-BA58-591393019848}.Code Analysis|Any CPU.ActiveCfg = Code Analysis|x86
		{D272D9C0-5690-4E25-BA58-591393019848}.Code Analysis|Mixed Platforms.ActiveCfg = Code Analysis|x86
		{D272D9C0-5690-4E25-BA58-591393019848}.Code Analysis|Mixed Platforms.Build.0 = Code Analysis|x86
		{D272D9C0-5690-4E25-BA58-591393019848}.Code Analysis|x86.ActiveCfg = Code Analysis|x86
		{D272D9C0-5690-4E25-BA58-591393019848}.Code Analysis|x86.Build.0 = Code Analysis|x86
		{D272D9C0-5690-4E25-BA58-591393019848}.Debug|Any CPU.ActiveCfg = Debug|x86
		{D272D9C0-5690-4E25-BA58-591393019848}.Debug|Mixed Platforms.ActiveCfg = Debug|x86
		{D272D9C0-5690-4E25-BA58-591393019848}.Debug|x86.ActiveCfg = Debug|x86
		{D272D9C0-5690-4E25-BA58-591393019848}.Release|Any CPU.ActiveCfg = Release|x86
		{D272D9C0-5690-4E25-BA58-591393019848}.Release|Mixed Platforms.ActiveCfg = Release|x86
		{D272D9C0-5690-4E25-BA58-591393019848}.Release|x86.ActiveCfg = Release|x86
		{D272D9C0-5690-4E25-BA58-591393019848}.Release|x86.Build.0 = Release|x86
		{EE83CF01-1B92-42E2-B7A6-8607FED7C05C}.Code Analysis|Any CPU.ActiveCfg = Code Analysis|x86
		{EE83CF01-1B92-42E2-B7A6-8607FED7C05C}.Code Analysis|Mixed Platforms.ActiveCfg = Code Analysis|x86
		{EE83CF01-1B92-42E2-B7A6-8607FED7C05C}.Code Analysis|Mixed Platforms.Build.0 = Code Analysis|x86
		{EE83CF01-1B92-42E2-B7A6-8607FED7C05C}.Code Analysis|x86.ActiveCfg = Code Analysis|x86
		{EE83CF01-1B92-42E2-B7A6-8607FED7C05C}.Code Analysis|x86.Build.0 = Code Analysis|x86
		{EE83CF01-1B92-42E2-B7A6-8607FED7C05C}.Debug|Any CPU.ActiveCfg = Debug|x86
		{EE83CF01-1B92-42E2-B7A6-8607FED7C05C}.Debug|Mixed Platforms.ActiveCfg = Debug|x86
		{EE83CF01-1B92-42E2-B7A6-8607FED7C05C}.Debug|x86.ActiveCfg = Debug|x86
		{EE83CF01-1B92-42E2-B7A6-8607FED7C05C}.Release|Any CPU.ActiveCfg = Release|x86
		{EE83CF01-1B92-42E2-B7A6-8607FED7C05C}.Release|Mixed Platforms.ActiveCfg = Release|x86
		{EE83CF01-1B92-42E2-B7A6-8607FED7C05C}.Release|x86.ActiveCfg = Release|x86
		{EE83CF01-1B92-42E2-B7A6-8607FED7C05C}.Release|x86.Build.0 = Release|x86
		{7C8CA47A-2730-4E99-A234-F1C5BFB0F775}.Code Analysis|Any CPU.ActiveCfg = Code Analysis|x86
		{7C8CA47A-2730-4E99-A234-F1C5BFB0F775}.Code Analysis|Mixed Platforms.ActiveCfg = Code Analysis|x86
		{7C8CA47A-2730-4E99-A234-F1C5BFB0F775}.Code Analysis|Mixed Platforms.Build.0 = Code Analysis|x86
		{7C8CA47A-2730-4E99-A234-F1C5BFB0F775}.Code Analysis|x86.ActiveCfg = Code Analysis|x86
		{7C8CA47A-2730-4E99-A234-F1C5BFB0F775}.Code Analysis|x86.Build.0 = Code Analysis|x86
		{7C8CA47A-2730-4E99-A234-F1C5BFB0F775}.Debug|Any CPU.ActiveCfg = Debug|x86
		{7C8CA47A-2730-4E99-A234-F1C5BFB0F775}.Debug|Mixed Platforms.ActiveCfg = Debug|x86
		{7C8CA47A-2730-4E99-A234-F1C5BFB0F775}.Debug|x86.ActiveCfg = Debug|x86
		{7C8CA47A-2730-4E99-A234-F1C5BFB0F775}.Release|Any CPU.ActiveCfg = Release|x86
		{7C8CA47A-2730-4E99-A234-F1C5BFB0F775}.Release|Mixed Platforms.ActiveCfg = Release|x86
		{7C8CA47A-2730-4E99-A234-F1C5BFB0F775}.Release|x86.ActiveCfg = Release|x86
		{7C8CA47A-2730-4E99-A234-F1C5BFB0F775}.Release|x86.Build.0 = Release|x86
		{D6E067CF-84AB-4049-9AFF-6D91D453814F}.Code Analysis|Any CPU.ActiveCfg = Code Analysis|x86
		{D6E067CF-84AB-4049-9AFF-6D91D453814F}.Code Analysis|Mixed Platforms.ActiveCfg = Code Analysis|x86
		{D6E067CF-84AB-4049-9AFF-6D91D453814F}.Code Analysis|Mixed Platforms.Build.0 = Code Analysis|x86
		{D6E067CF-84AB-4049-9AFF-6D91D453814F}.Code Analysis|x86.ActiveCfg = Code Analysis|x86
		{D6E067CF-84AB-4049-9AFF-6D91D453814F}.Code Analysis|x86.Build.0 = Code Analysis|x86
		{D6E067CF-84AB-4049-9AFF-6D91D453814F}.Debug|Any CPU.ActiveCfg = Debug|x86
		{D6E067CF-84AB-4049-9AFF-6D91D453814F}.Debug|Mixed Platforms.ActiveCfg = Debug|x86
		{D6E067CF-84AB-4049-9AFF-6D91D453814F}.Debug|x86.ActiveCfg = Debug|x86
		{D6E067CF-84AB-4049-9AFF-6D91D453814F}.Release|Any CPU.ActiveCfg = Release|x86
		{D6E067CF-84AB-4049-9AFF-6D91D453814F}.Release|Mixed Platforms.ActiveCfg = Release|x86
		{D6E067CF-84AB-4049-9AFF-6D91D453814F}.Release|x86.ActiveCfg = Release|x86
		{D6E067CF-84AB-4049-9AFF-6D91D453814F}.Release|x86.Build.0 = Release|x86
		{527F4950-36FF-45E4-B60D-7C6AD70E7100}.Code Analysis|Any CPU.ActiveCfg = Code Analysis|x86
		{527F4950-36FF-45E4-B60D-7C6AD70E7100}.Code Analysis|Mixed Platforms.ActiveCfg = Code Analysis|x86
		{527F4950-36FF-45E4-B60D-7C6AD70E7100}.Code Analysis|Mixed Platforms.Build.0 = Code Analysis|x86
		{527F4950-36FF-45E4-B60D-7C6AD70E7100}.Code Analysis|x86.ActiveCfg = Code Analysis|x86
		{527F4950-36FF-45E4-B60D-7C6AD70E7100}.Code Analysis|x86.Build.0 = Code Analysis|x86
		{527F4950-36FF-45E4-B60D-7C6AD70E7100}.Debug|Any CPU.ActiveCfg = Debug|x86
		{527F4950-36FF-45E4-B60D-7C6AD70E7100}.Debug|Mixed Platforms.ActiveCfg = Debug|x86
		{527F4950-36FF-45E4-B60D-7C6AD70E7100}.Debug|x86.ActiveCfg = Debug|x86
		{527F4950-36FF-45E4-B60D-7C6AD70E7100}.Release|Any CPU.ActiveCfg = Release|x86
		{527F4950-36FF-45E4-B60D-7C6AD70E7100}.Release|Mixed Platforms.ActiveCfg = Release|x86
		{527F4950-36FF-45E4-B60D-7C6AD70E7100}.Release|x86.ActiveCfg = Release|x86
		{527F4950-36FF-45E4-B60D-7C6AD70E7100}.Release|x86.Build.0 = Release|x86
		{7F2C4618-F70A-4AA6-8F81-09FA520832E2}.Code Analysis|Any CPU.ActiveCfg = Code Analysis|Any CPU
		{7F2C4618-F70A-4AA6-8F81-09FA520832E2}.Code Analysis|Any CPU.Build.0 = Code Analysis|Any CPU
		{7F2C4618-F70A-4AA6-8F81-09FA520832E2}.Code Analysis|Mixed Platforms.ActiveCfg = Code Analysis|Any CPU
		{7F2C4618-F70A-4AA6-8F81-09FA520832E2}.Code Analysis|Mixed Platforms.Build.0 = Code Analysis|Any CPU
		{7F2C4618-F70A-4AA6-8F81-09FA520832E2}.Code Analysis|x86.ActiveCfg = Code Analysis|Any CPU
		{7F2C4618-F70A-4AA6-8F81-09FA520832E2}.Debug|Any CPU.ActiveCfg = Debug|Any CPU
		{7F2C4618-F70A-4AA6-8F81-09FA520832E2}.Debug|Any CPU.Build.0 = Debug|Any CPU
		{7F2C4618-F70A-4AA6-8F81-09FA520832E2}.Debug|Mixed Platforms.ActiveCfg = Debug|Any CPU
		{7F2C4618-F70A-4AA6-8F81-09FA520832E2}.Debug|x86.ActiveCfg = Debug|Any CPU
		{7F2C4618-F70A-4AA6-8F81-09FA520832E2}.Release|Any CPU.ActiveCfg = Release|Any CPU
		{7F2C4618-F70A-4AA6-8F81-09FA520832E2}.Release|Any CPU.Build.0 = Release|Any CPU
		{7F2C4618-F70A-4AA6-8F81-09FA520832E2}.Release|Mixed Platforms.ActiveCfg = Release|Any CPU
		{7F2C4618-F70A-4AA6-8F81-09FA520832E2}.Release|x86.ActiveCfg = Release|Any CPU
		{F98E3B0B-DF13-4CF6-9EF2-C437FF7324F0}.Code Analysis|Any CPU.ActiveCfg = Code Analysis|x86
		{F98E3B0B-DF13-4CF6-9EF2-C437FF7324F0}.Code Analysis|Mixed Platforms.ActiveCfg = Code Analysis|x86
		{F98E3B0B-DF13-4CF6-9EF2-C437FF7324F0}.Code Analysis|Mixed Platforms.Build.0 = Code Analysis|x86
		{F98E3B0B-DF13-4CF6-9EF2-C437FF7324F0}.Code Analysis|x86.ActiveCfg = Code Analysis|x86
		{F98E3B0B-DF13-4CF6-9EF2-C437FF7324F0}.Code Analysis|x86.Build.0 = Code Analysis|x86
		{F98E3B0B-DF13-4CF6-9EF2-C437FF7324F0}.Debug|Any CPU.ActiveCfg = Debug|x86
		{F98E3B0B-DF13-4CF6-9EF2-C437FF7324F0}.Debug|Mixed Platforms.ActiveCfg = Debug|x86
		{F98E3B0B-DF13-4CF6-9EF2-C437FF7324F0}.Debug|x86.ActiveCfg = Debug|x86
		{F98E3B0B-DF13-4CF6-9EF2-C437FF7324F0}.Release|Any CPU.ActiveCfg = Release|x86
		{F98E3B0B-DF13-4CF6-9EF2-C437FF7324F0}.Release|Mixed Platforms.ActiveCfg = Release|x86
		{F98E3B0B-DF13-4CF6-9EF2-C437FF7324F0}.Release|x86.ActiveCfg = Release|x86
		{F98E3B0B-DF13-4CF6-9EF2-C437FF7324F0}.Release|x86.Build.0 = Release|x86
		{BE78623B-B1AE-4431-8EC4-786C1EAEB09F}.Code Analysis|Any CPU.ActiveCfg = Code Analysis|x86
		{BE78623B-B1AE-4431-8EC4-786C1EAEB09F}.Code Analysis|Mixed Platforms.ActiveCfg = Code Analysis|x86
		{BE78623B-B1AE-4431-8EC4-786C1EAEB09F}.Code Analysis|Mixed Platforms.Build.0 = Code Analysis|x86
		{BE78623B-B1AE-4431-8EC4-786C1EAEB09F}.Code Analysis|x86.ActiveCfg = Code Analysis|x86
		{BE78623B-B1AE-4431-8EC4-786C1EAEB09F}.Code Analysis|x86.Build.0 = Code Analysis|x86
		{BE78623B-B1AE-4431-8EC4-786C1EAEB09F}.Debug|Any CPU.ActiveCfg = Debug|x86
		{BE78623B-B1AE-4431-8EC4-786C1EAEB09F}.Debug|Mixed Platforms.ActiveCfg = Debug|x86
		{BE78623B-B1AE-4431-8EC4-786C1EAEB09F}.Debug|x86.ActiveCfg = Debug|x86
		{BE78623B-B1AE-4431-8EC4-786C1EAEB09F}.Release|Any CPU.ActiveCfg = Release|x86
		{BE78623B-B1AE-4431-8EC4-786C1EAEB09F}.Release|Mixed Platforms.ActiveCfg = Release|x86
		{BE78623B-B1AE-4431-8EC4-786C1EAEB09F}.Release|x86.ActiveCfg = Release|x86
		{BE78623B-B1AE-4431-8EC4-786C1EAEB09F}.Release|x86.Build.0 = Release|x86
		{E5E503D8-2D7A-4392-ADB6-06F57FFB07F5}.Code Analysis|Any CPU.ActiveCfg = Code Analysis|x86
		{E5E503D8-2D7A-4392-ADB6-06F57FFB07F5}.Code Analysis|Mixed Platforms.ActiveCfg = Code Analysis|x86
		{E5E503D8-2D7A-4392-ADB6-06F57FFB07F5}.Code Analysis|Mixed Platforms.Build.0 = Code Analysis|x86
		{E5E503D8-2D7A-4392-ADB6-06F57FFB07F5}.Code Analysis|x86.ActiveCfg = Code Analysis|x86
		{E5E503D8-2D7A-4392-ADB6-06F57FFB07F5}.Code Analysis|x86.Build.0 = Code Analysis|x86
		{E5E503D8-2D7A-4392-ADB6-06F57FFB07F5}.Debug|Any CPU.ActiveCfg = Debug|x86
		{E5E503D8-2D7A-4392-ADB6-06F57FFB07F5}.Debug|Mixed Platforms.ActiveCfg = Debug|x86
		{E5E503D8-2D7A-4392-ADB6-06F57FFB07F5}.Debug|x86.ActiveCfg = Debug|x86
		{E5E503D8-2D7A-4392-ADB6-06F57FFB07F5}.Release|Any CPU.ActiveCfg = Release|x86
		{E5E503D8-2D7A-4392-ADB6-06F57FFB07F5}.Release|Mixed Platforms.ActiveCfg = Release|x86
		{E5E503D8-2D7A-4392-ADB6-06F57FFB07F5}.Release|x86.ActiveCfg = Release|x86
		{E5E503D8-2D7A-4392-ADB6-06F57FFB07F5}.Release|x86.Build.0 = Release|x86
		{1CD1120F-503C-48EC-A1A9-95D2DE952B22}.Code Analysis|Any CPU.ActiveCfg = Code Analysis|x86
		{1CD1120F-503C-48EC-A1A9-95D2DE952B22}.Code Analysis|Mixed Platforms.ActiveCfg = Code Analysis|x86
		{1CD1120F-503C-48EC-A1A9-95D2DE952B22}.Code Analysis|Mixed Platforms.Build.0 = Code Analysis|x86
		{1CD1120F-503C-48EC-A1A9-95D2DE952B22}.Code Analysis|x86.ActiveCfg = Code Analysis|x86
		{1CD1120F-503C-48EC-A1A9-95D2DE952B22}.Code Analysis|x86.Build.0 = Code Analysis|x86
		{1CD1120F-503C-48EC-A1A9-95D2DE952B22}.Debug|Any CPU.ActiveCfg = Debug|x86
		{1CD1120F-503C-48EC-A1A9-95D2DE952B22}.Debug|Mixed Platforms.ActiveCfg = Debug|x86
		{1CD1120F-503C-48EC-A1A9-95D2DE952B22}.Debug|x86.ActiveCfg = Debug|x86
		{1CD1120F-503C-48EC-A1A9-95D2DE952B22}.Release|Any CPU.ActiveCfg = Release|x86
		{1CD1120F-503C-48EC-A1A9-95D2DE952B22}.Release|Mixed Platforms.ActiveCfg = Release|x86
		{1CD1120F-503C-48EC-A1A9-95D2DE952B22}.Release|x86.ActiveCfg = Release|x86
		{1CD1120F-503C-48EC-A1A9-95D2DE952B22}.Release|x86.Build.0 = Release|x86
		{7D64C4E7-B20E-4A4C-AE10-6D1372CD993C}.Code Analysis|Any CPU.ActiveCfg = Code Analysis|Any CPU
		{7D64C4E7-B20E-4A4C-AE10-6D1372CD993C}.Code Analysis|Any CPU.Build.0 = Code Analysis|Any CPU
		{7D64C4E7-B20E-4A4C-AE10-6D1372CD993C}.Code Analysis|Mixed Platforms.ActiveCfg = Code Analysis|Any CPU
		{7D64C4E7-B20E-4A4C-AE10-6D1372CD993C}.Code Analysis|Mixed Platforms.Build.0 = Code Analysis|Any CPU
		{7D64C4E7-B20E-4A4C-AE10-6D1372CD993C}.Code Analysis|x86.ActiveCfg = Code Analysis|Any CPU
		{7D64C4E7-B20E-4A4C-AE10-6D1372CD993C}.Debug|Any CPU.ActiveCfg = Debug|Any CPU
		{7D64C4E7-B20E-4A4C-AE10-6D1372CD993C}.Debug|Any CPU.Build.0 = Debug|Any CPU
		{7D64C4E7-B20E-4A4C-AE10-6D1372CD993C}.Debug|Mixed Platforms.ActiveCfg = Debug|Any CPU
		{7D64C4E7-B20E-4A4C-AE10-6D1372CD993C}.Debug|x86.ActiveCfg = Debug|Any CPU
		{7D64C4E7-B20E-4A4C-AE10-6D1372CD993C}.Release|Any CPU.ActiveCfg = Release|Any CPU
		{7D64C4E7-B20E-4A4C-AE10-6D1372CD993C}.Release|Any CPU.Build.0 = Release|Any CPU
		{7D64C4E7-B20E-4A4C-AE10-6D1372CD993C}.Release|Mixed Platforms.ActiveCfg = Release|Any CPU
		{7D64C4E7-B20E-4A4C-AE10-6D1372CD993C}.Release|x86.ActiveCfg = Release|Any CPU
		{3F510926-B7CC-4FB9-8E09-46BF5718C463}.Code Analysis|Any CPU.ActiveCfg = Code Analysis|x86
		{3F510926-B7CC-4FB9-8E09-46BF5718C463}.Code Analysis|Mixed Platforms.ActiveCfg = Code Analysis|x86
		{3F510926-B7CC-4FB9-8E09-46BF5718C463}.Code Analysis|Mixed Platforms.Build.0 = Code Analysis|x86
		{3F510926-B7CC-4FB9-8E09-46BF5718C463}.Code Analysis|x86.ActiveCfg = Code Analysis|x86
		{3F510926-B7CC-4FB9-8E09-46BF5718C463}.Code Analysis|x86.Build.0 = Code Analysis|x86
		{3F510926-B7CC-4FB9-8E09-46BF5718C463}.Debug|Any CPU.ActiveCfg = Debug|x86
		{3F510926-B7CC-4FB9-8E09-46BF5718C463}.Debug|Mixed Platforms.ActiveCfg = Debug|x86
		{3F510926-B7CC-4FB9-8E09-46BF5718C463}.Debug|x86.ActiveCfg = Debug|x86
		{3F510926-B7CC-4FB9-8E09-46BF5718C463}.Release|Any CPU.ActiveCfg = Release|x86
		{3F510926-B7CC-4FB9-8E09-46BF5718C463}.Release|Mixed Platforms.ActiveCfg = Release|x86
		{3F510926-B7CC-4FB9-8E09-46BF5718C463}.Release|x86.ActiveCfg = Release|x86
		{3F510926-B7CC-4FB9-8E09-46BF5718C463}.Release|x86.Build.0 = Release|x86
		{250D0645-3474-42DE-8E0A-88C5F2BD67D2}.Code Analysis|Any CPU.ActiveCfg = Code Analysis|x86
		{250D0645-3474-42DE-8E0A-88C5F2BD67D2}.Code Analysis|Mixed Platforms.ActiveCfg = Code Analysis|x86
		{250D0645-3474-42DE-8E0A-88C5F2BD67D2}.Code Analysis|Mixed Platforms.Build.0 = Code Analysis|x86
		{250D0645-3474-42DE-8E0A-88C5F2BD67D2}.Code Analysis|x86.ActiveCfg = Code Analysis|x86
		{250D0645-3474-42DE-8E0A-88C5F2BD67D2}.Code Analysis|x86.Build.0 = Code Analysis|x86
		{250D0645-3474-42DE-8E0A-88C5F2BD67D2}.Debug|Any CPU.ActiveCfg = Debug|x86
		{250D0645-3474-42DE-8E0A-88C5F2BD67D2}.Debug|Mixed Platforms.ActiveCfg = Debug|x86
		{250D0645-3474-42DE-8E0A-88C5F2BD67D2}.Debug|x86.ActiveCfg = Debug|x86
		{250D0645-3474-42DE-8E0A-88C5F2BD67D2}.Release|Any CPU.ActiveCfg = Release|x86
		{250D0645-3474-42DE-8E0A-88C5F2BD67D2}.Release|Mixed Platforms.ActiveCfg = Release|x86
		{250D0645-3474-42DE-8E0A-88C5F2BD67D2}.Release|x86.ActiveCfg = Release|x86
		{250D0645-3474-42DE-8E0A-88C5F2BD67D2}.Release|x86.Build.0 = Release|x86
		{9393D7E4-11EE-4DF1-B8C6-504F4970576C}.Code Analysis|Any CPU.ActiveCfg = Code Analysis|x86
		{9393D7E4-11EE-4DF1-B8C6-504F4970576C}.Code Analysis|Mixed Platforms.ActiveCfg = Code Analysis|x86
		{9393D7E4-11EE-4DF1-B8C6-504F4970576C}.Code Analysis|Mixed Platforms.Build.0 = Code Analysis|x86
		{9393D7E4-11EE-4DF1-B8C6-504F4970576C}.Code Analysis|x86.ActiveCfg = Code Analysis|x86
		{9393D7E4-11EE-4DF1-B8C6-504F4970576C}.Code Analysis|x86.Build.0 = Code Analysis|x86
		{9393D7E4-11EE-4DF1-B8C6-504F4970576C}.Debug|Any CPU.ActiveCfg = Debug|x86
		{9393D7E4-11EE-4DF1-B8C6-504F4970576C}.Debug|Mixed Platforms.ActiveCfg = Debug|x86
		{9393D7E4-11EE-4DF1-B8C6-504F4970576C}.Debug|x86.ActiveCfg = Debug|x86
		{9393D7E4-11EE-4DF1-B8C6-504F4970576C}.Release|Any CPU.ActiveCfg = Release|x86
		{9393D7E4-11EE-4DF1-B8C6-504F4970576C}.Release|Mixed Platforms.ActiveCfg = Release|x86
		{9393D7E4-11EE-4DF1-B8C6-504F4970576C}.Release|x86.ActiveCfg = Release|x86
		{9393D7E4-11EE-4DF1-B8C6-504F4970576C}.Release|x86.Build.0 = Release|x86
		{F6B9A6F1-5568-4429-87AF-7CAAA249E25C}.Code Analysis|Any CPU.ActiveCfg = Code Analysis|x86
		{F6B9A6F1-5568-4429-87AF-7CAAA249E25C}.Code Analysis|Mixed Platforms.ActiveCfg = Code Analysis|x86
		{F6B9A6F1-5568-4429-87AF-7CAAA249E25C}.Code Analysis|Mixed Platforms.Build.0 = Code Analysis|x86
		{F6B9A6F1-5568-4429-87AF-7CAAA249E25C}.Code Analysis|x86.ActiveCfg = Code Analysis|x86
		{F6B9A6F1-5568-4429-87AF-7CAAA249E25C}.Code Analysis|x86.Build.0 = Code Analysis|x86
		{F6B9A6F1-5568-4429-87AF-7CAAA249E25C}.Debug|Any CPU.ActiveCfg = Debug|x86
		{F6B9A6F1-5568-4429-87AF-7CAAA249E25C}.Debug|Mixed Platforms.ActiveCfg = Debug|x86
		{F6B9A6F1-5568-4429-87AF-7CAAA249E25C}.Debug|x86.ActiveCfg = Debug|x86
		{F6B9A6F1-5568-4429-87AF-7CAAA249E25C}.Release|Any CPU.ActiveCfg = Release|x86
		{F6B9A6F1-5568-4429-87AF-7CAAA249E25C}.Release|Mixed Platforms.ActiveCfg = Release|x86
		{F6B9A6F1-5568-4429-87AF-7CAAA249E25C}.Release|x86.ActiveCfg = Release|x86
		{F6B9A6F1-5568-4429-87AF-7CAAA249E25C}.Release|x86.Build.0 = Release|x86
		{3B365BFD-C5CC-40FF-94AE-D6CA363A4F85}.Code Analysis|Any CPU.ActiveCfg = Code Analysis|x86
		{3B365BFD-C5CC-40FF-94AE-D6CA363A4F85}.Code Analysis|Mixed Platforms.ActiveCfg = Code Analysis|x86
		{3B365BFD-C5CC-40FF-94AE-D6CA363A4F85}.Code Analysis|Mixed Platforms.Build.0 = Code Analysis|x86
		{3B365BFD-C5CC-40FF-94AE-D6CA363A4F85}.Code Analysis|x86.ActiveCfg = Code Analysis|x86
		{3B365BFD-C5CC-40FF-94AE-D6CA363A4F85}.Code Analysis|x86.Build.0 = Code Analysis|x86
		{3B365BFD-C5CC-40FF-94AE-D6CA363A4F85}.Debug|Any CPU.ActiveCfg = Debug|x86
		{3B365BFD-C5CC-40FF-94AE-D6CA363A4F85}.Debug|Mixed Platforms.ActiveCfg = Debug|x86
		{3B365BFD-C5CC-40FF-94AE-D6CA363A4F85}.Debug|x86.ActiveCfg = Debug|x86
		{3B365BFD-C5CC-40FF-94AE-D6CA363A4F85}.Release|Any CPU.ActiveCfg = Release|x86
		{3B365BFD-C5CC-40FF-94AE-D6CA363A4F85}.Release|Mixed Platforms.ActiveCfg = Release|x86
		{3B365BFD-C5CC-40FF-94AE-D6CA363A4F85}.Release|x86.ActiveCfg = Release|x86
		{3B365BFD-C5CC-40FF-94AE-D6CA363A4F85}.Release|x86.Build.0 = Release|x86
		{D20D72AC-CCE8-4519-8ACF-7105CF0DCA36}.Code Analysis|Any CPU.ActiveCfg = Code Analysis|x86
		{D20D72AC-CCE8-4519-8ACF-7105CF0DCA36}.Code Analysis|Mixed Platforms.ActiveCfg = Code Analysis|x86
		{D20D72AC-CCE8-4519-8ACF-7105CF0DCA36}.Code Analysis|Mixed Platforms.Build.0 = Code Analysis|x86
		{D20D72AC-CCE8-4519-8ACF-7105CF0DCA36}.Code Analysis|x86.ActiveCfg = Code Analysis|x86
		{D20D72AC-CCE8-4519-8ACF-7105CF0DCA36}.Code Analysis|x86.Build.0 = Code Analysis|x86
		{D20D72AC-CCE8-4519-8ACF-7105CF0DCA36}.Debug|Any CPU.ActiveCfg = Debug|x86
		{D20D72AC-CCE8-4519-8ACF-7105CF0DCA36}.Debug|Mixed Platforms.ActiveCfg = Debug|x86
		{D20D72AC-CCE8-4519-8ACF-7105CF0DCA36}.Debug|x86.ActiveCfg = Debug|x86
		{D20D72AC-CCE8-4519-8ACF-7105CF0DCA36}.Release|Any CPU.ActiveCfg = Release|x86
		{D20D72AC-CCE8-4519-8ACF-7105CF0DCA36}.Release|Mixed Platforms.ActiveCfg = Release|x86
		{D20D72AC-CCE8-4519-8ACF-7105CF0DCA36}.Release|x86.ActiveCfg = Release|x86
		{D20D72AC-CCE8-4519-8ACF-7105CF0DCA36}.Release|x86.Build.0 = Release|x86
		{B2038944-E2E6-4DDE-9A4E-942BD844D8E4}.Code Analysis|Any CPU.ActiveCfg = Code Analysis|x86
		{B2038944-E2E6-4DDE-9A4E-942BD844D8E4}.Code Analysis|Mixed Platforms.ActiveCfg = Code Analysis|x86
		{B2038944-E2E6-4DDE-9A4E-942BD844D8E4}.Code Analysis|Mixed Platforms.Build.0 = Code Analysis|x86
		{B2038944-E2E6-4DDE-9A4E-942BD844D8E4}.Code Analysis|x86.ActiveCfg = Code Analysis|x86
		{B2038944-E2E6-4DDE-9A4E-942BD844D8E4}.Code Analysis|x86.Build.0 = Code Analysis|x86
		{B2038944-E2E6-4DDE-9A4E-942BD844D8E4}.Debug|Any CPU.ActiveCfg = Debug|x86
		{B2038944-E2E6-4DDE-9A4E-942BD844D8E4}.Debug|Mixed Platforms.ActiveCfg = Debug|x86
		{B2038944-E2E6-4DDE-9A4E-942BD844D8E4}.Debug|x86.ActiveCfg = Debug|x86
		{B2038944-E2E6-4DDE-9A4E-942BD844D8E4}.Release|Any CPU.ActiveCfg = Release|x86
		{B2038944-E2E6-4DDE-9A4E-942BD844D8E4}.Release|Mixed Platforms.ActiveCfg = Release|x86
		{B2038944-E2E6-4DDE-9A4E-942BD844D8E4}.Release|x86.ActiveCfg = Release|x86
		{B2038944-E2E6-4DDE-9A4E-942BD844D8E4}.Release|x86.Build.0 = Release|x86
		{87D77327-6A21-415D-BBFE-57B83EE59DAA}.Code Analysis|Any CPU.ActiveCfg = Code Analysis|x86
		{87D77327-6A21-415D-BBFE-57B83EE59DAA}.Code Analysis|Mixed Platforms.ActiveCfg = Code Analysis|x86
		{87D77327-6A21-415D-BBFE-57B83EE59DAA}.Code Analysis|Mixed Platforms.Build.0 = Code Analysis|x86
		{87D77327-6A21-415D-BBFE-57B83EE59DAA}.Code Analysis|x86.ActiveCfg = Code Analysis|x86
		{87D77327-6A21-415D-BBFE-57B83EE59DAA}.Code Analysis|x86.Build.0 = Code Analysis|x86
		{87D77327-6A21-415D-BBFE-57B83EE59DAA}.Debug|Any CPU.ActiveCfg = Debug|x86
		{87D77327-6A21-415D-BBFE-57B83EE59DAA}.Debug|Mixed Platforms.ActiveCfg = Debug|x86
		{87D77327-6A21-415D-BBFE-57B83EE59DAA}.Debug|x86.ActiveCfg = Debug|x86
		{87D77327-6A21-415D-BBFE-57B83EE59DAA}.Release|Any CPU.ActiveCfg = Release|x86
		{87D77327-6A21-415D-BBFE-57B83EE59DAA}.Release|Mixed Platforms.ActiveCfg = Release|x86
		{87D77327-6A21-415D-BBFE-57B83EE59DAA}.Release|x86.ActiveCfg = Release|x86
		{87D77327-6A21-415D-BBFE-57B83EE59DAA}.Release|x86.Build.0 = Release|x86
		{4CD708D0-78EF-4A88-A3F0-BC21732E040D}.Code Analysis|Any CPU.ActiveCfg = Code Analysis|x86
		{4CD708D0-78EF-4A88-A3F0-BC21732E040D}.Code Analysis|Mixed Platforms.ActiveCfg = Code Analysis|x86
		{4CD708D0-78EF-4A88-A3F0-BC21732E040D}.Code Analysis|Mixed Platforms.Build.0 = Code Analysis|x86
		{4CD708D0-78EF-4A88-A3F0-BC21732E040D}.Code Analysis|x86.ActiveCfg = Code Analysis|x86
		{4CD708D0-78EF-4A88-A3F0-BC21732E040D}.Code Analysis|x86.Build.0 = Code Analysis|x86
		{4CD708D0-78EF-4A88-A3F0-BC21732E040D}.Debug|Any CPU.ActiveCfg = Debug|x86
		{4CD708D0-78EF-4A88-A3F0-BC21732E040D}.Debug|Mixed Platforms.ActiveCfg = Debug|x86
		{4CD708D0-78EF-4A88-A3F0-BC21732E040D}.Debug|x86.ActiveCfg = Debug|x86
		{4CD708D0-78EF-4A88-A3F0-BC21732E040D}.Release|Any CPU.ActiveCfg = Release|x86
		{4CD708D0-78EF-4A88-A3F0-BC21732E040D}.Release|Mixed Platforms.ActiveCfg = Release|x86
		{4CD708D0-78EF-4A88-A3F0-BC21732E040D}.Release|x86.ActiveCfg = Release|x86
		{4CD708D0-78EF-4A88-A3F0-BC21732E040D}.Release|x86.Build.0 = Release|x86
		{28F349AC-E4E7-41C8-85EE-15D9DEC0214B}.Code Analysis|Any CPU.ActiveCfg = Code Analysis|x86
		{28F349AC-E4E7-41C8-85EE-15D9DEC0214B}.Code Analysis|Mixed Platforms.ActiveCfg = Code Analysis|x86
		{28F349AC-E4E7-41C8-85EE-15D9DEC0214B}.Code Analysis|Mixed Platforms.Build.0 = Code Analysis|x86
		{28F349AC-E4E7-41C8-85EE-15D9DEC0214B}.Code Analysis|x86.ActiveCfg = Code Analysis|x86
		{28F349AC-E4E7-41C8-85EE-15D9DEC0214B}.Code Analysis|x86.Build.0 = Code Analysis|x86
		{28F349AC-E4E7-41C8-85EE-15D9DEC0214B}.Debug|Any CPU.ActiveCfg = Debug|x86
		{28F349AC-E4E7-41C8-85EE-15D9DEC0214B}.Debug|Mixed Platforms.ActiveCfg = Debug|x86
		{28F349AC-E4E7-41C8-85EE-15D9DEC0214B}.Debug|x86.ActiveCfg = Debug|x86
		{28F349AC-E4E7-41C8-85EE-15D9DEC0214B}.Release|Any CPU.ActiveCfg = Release|x86
		{28F349AC-E4E7-41C8-85EE-15D9DEC0214B}.Release|Mixed Platforms.ActiveCfg = Release|x86
		{28F349AC-E4E7-41C8-85EE-15D9DEC0214B}.Release|x86.ActiveCfg = Release|x86
		{28F349AC-E4E7-41C8-85EE-15D9DEC0214B}.Release|x86.Build.0 = Release|x86
		{315DAED4-420B-482C-92E7-2B0E44DE5D66}.Code Analysis|Any CPU.ActiveCfg = Code Analysis|x86
		{315DAED4-420B-482C-92E7-2B0E44DE5D66}.Code Analysis|Mixed Platforms.ActiveCfg = Code Analysis|x86
		{315DAED4-420B-482C-92E7-2B0E44DE5D66}.Code Analysis|Mixed Platforms.Build.0 = Code Analysis|x86
		{315DAED4-420B-482C-92E7-2B0E44DE5D66}.Code Analysis|x86.ActiveCfg = Code Analysis|x86
		{315DAED4-420B-482C-92E7-2B0E44DE5D66}.Code Analysis|x86.Build.0 = Code Analysis|x86
		{315DAED4-420B-482C-92E7-2B0E44DE5D66}.Debug|Any CPU.ActiveCfg = Debug|x86
		{315DAED4-420B-482C-92E7-2B0E44DE5D66}.Debug|Mixed Platforms.ActiveCfg = Debug|x86
		{315DAED4-420B-482C-92E7-2B0E44DE5D66}.Debug|x86.ActiveCfg = Debug|x86
		{315DAED4-420B-482C-92E7-2B0E44DE5D66}.Release|Any CPU.ActiveCfg = Release|x86
		{315DAED4-420B-482C-92E7-2B0E44DE5D66}.Release|Mixed Platforms.ActiveCfg = Release|x86
		{315DAED4-420B-482C-92E7-2B0E44DE5D66}.Release|x86.ActiveCfg = Release|x86
		{315DAED4-420B-482C-92E7-2B0E44DE5D66}.Release|x86.Build.0 = Release|x86
		{B6E40D12-64F2-4BBE-96DB-F8A01FCFED77}.Code Analysis|Any CPU.ActiveCfg = Code Analysis|x86
		{B6E40D12-64F2-4BBE-96DB-F8A01FCFED77}.Code Analysis|Mixed Platforms.ActiveCfg = Code Analysis|x86
		{B6E40D12-64F2-4BBE-96DB-F8A01FCFED77}.Code Analysis|Mixed Platforms.Build.0 = Code Analysis|x86
		{B6E40D12-64F2-4BBE-96DB-F8A01FCFED77}.Code Analysis|x86.ActiveCfg = Code Analysis|x86
		{B6E40D12-64F2-4BBE-96DB-F8A01FCFED77}.Code Analysis|x86.Build.0 = Code Analysis|x86
		{B6E40D12-64F2-4BBE-96DB-F8A01FCFED77}.Debug|Any CPU.ActiveCfg = Debug|x86
		{B6E40D12-64F2-4BBE-96DB-F8A01FCFED77}.Debug|Mixed Platforms.ActiveCfg = Debug|x86
		{B6E40D12-64F2-4BBE-96DB-F8A01FCFED77}.Debug|x86.ActiveCfg = Debug|x86
		{B6E40D12-64F2-4BBE-96DB-F8A01FCFED77}.Release|Any CPU.ActiveCfg = Release|x86
		{B6E40D12-64F2-4BBE-96DB-F8A01FCFED77}.Release|Mixed Platforms.ActiveCfg = Release|x86
		{B6E40D12-64F2-4BBE-96DB-F8A01FCFED77}.Release|x86.ActiveCfg = Release|x86
		{B6E40D12-64F2-4BBE-96DB-F8A01FCFED77}.Release|x86.Build.0 = Release|x86
		{EE228C3D-037F-4D3C-8A14-66EF7C455AED}.Code Analysis|Any CPU.ActiveCfg = Code Analysis|x86
		{EE228C3D-037F-4D3C-8A14-66EF7C455AED}.Code Analysis|Mixed Platforms.ActiveCfg = Code Analysis|x86
		{EE228C3D-037F-4D3C-8A14-66EF7C455AED}.Code Analysis|Mixed Platforms.Build.0 = Code Analysis|x86
		{EE228C3D-037F-4D3C-8A14-66EF7C455AED}.Code Analysis|x86.ActiveCfg = Code Analysis|x86
		{EE228C3D-037F-4D3C-8A14-66EF7C455AED}.Code Analysis|x86.Build.0 = Code Analysis|x86
		{EE228C3D-037F-4D3C-8A14-66EF7C455AED}.Debug|Any CPU.ActiveCfg = Debug|x86
		{EE228C3D-037F-4D3C-8A14-66EF7C455AED}.Debug|Mixed Platforms.ActiveCfg = Debug|x86
		{EE228C3D-037F-4D3C-8A14-66EF7C455AED}.Debug|x86.ActiveCfg = Debug|x86
		{EE228C3D-037F-4D3C-8A14-66EF7C455AED}.Release|Any CPU.ActiveCfg = Release|x86
		{EE228C3D-037F-4D3C-8A14-66EF7C455AED}.Release|Mixed Platforms.ActiveCfg = Release|x86
		{EE228C3D-037F-4D3C-8A14-66EF7C455AED}.Release|x86.ActiveCfg = Release|x86
		{EE228C3D-037F-4D3C-8A14-66EF7C455AED}.Release|x86.Build.0 = Release|x86
		{2597BD28-5BD4-4C0F-9931-7D017320568B}.Code Analysis|Any CPU.ActiveCfg = Code Analysis|x86
		{2597BD28-5BD4-4C0F-9931-7D017320568B}.Code Analysis|Mixed Platforms.ActiveCfg = Code Analysis|x86
		{2597BD28-5BD4-4C0F-9931-7D017320568B}.Code Analysis|Mixed Platforms.Build.0 = Code Analysis|x86
		{2597BD28-5BD4-4C0F-9931-7D017320568B}.Code Analysis|x86.ActiveCfg = Code Analysis|x86
		{2597BD28-5BD4-4C0F-9931-7D017320568B}.Code Analysis|x86.Build.0 = Code Analysis|x86
		{2597BD28-5BD4-4C0F-9931-7D017320568B}.Debug|Any CPU.ActiveCfg = Debug|x86
		{2597BD28-5BD4-4C0F-9931-7D017320568B}.Debug|Mixed Platforms.ActiveCfg = Debug|x86
		{2597BD28-5BD4-4C0F-9931-7D017320568B}.Debug|x86.ActiveCfg = Debug|x86
		{2597BD28-5BD4-4C0F-9931-7D017320568B}.Release|Any CPU.ActiveCfg = Release|x86
		{2597BD28-5BD4-4C0F-9931-7D017320568B}.Release|Mixed Platforms.ActiveCfg = Release|x86
		{2597BD28-5BD4-4C0F-9931-7D017320568B}.Release|x86.ActiveCfg = Release|x86
		{2597BD28-5BD4-4C0F-9931-7D017320568B}.Release|x86.Build.0 = Release|x86
		{E72E4C0A-1C80-45B2-8A6D-6E3A937E4E00}.Code Analysis|Any CPU.ActiveCfg = Code Analysis|x86
		{E72E4C0A-1C80-45B2-8A6D-6E3A937E4E00}.Code Analysis|Mixed Platforms.ActiveCfg = Code Analysis|x86
		{E72E4C0A-1C80-45B2-8A6D-6E3A937E4E00}.Code Analysis|Mixed Platforms.Build.0 = Code Analysis|x86
		{E72E4C0A-1C80-45B2-8A6D-6E3A937E4E00}.Code Analysis|x86.ActiveCfg = Code Analysis|x86
		{E72E4C0A-1C80-45B2-8A6D-6E3A937E4E00}.Code Analysis|x86.Build.0 = Code Analysis|x86
		{E72E4C0A-1C80-45B2-8A6D-6E3A937E4E00}.Debug|Any CPU.ActiveCfg = Debug|x86
		{E72E4C0A-1C80-45B2-8A6D-6E3A937E4E00}.Debug|Mixed Platforms.ActiveCfg = Debug|x86
		{E72E4C0A-1C80-45B2-8A6D-6E3A937E4E00}.Debug|x86.ActiveCfg = Debug|x86
		{E72E4C0A-1C80-45B2-8A6D-6E3A937E4E00}.Release|Any CPU.ActiveCfg = Release|x86
		{E72E4C0A-1C80-45B2-8A6D-6E3A937E4E00}.Release|Mixed Platforms.ActiveCfg = Release|x86
		{E72E4C0A-1C80-45B2-8A6D-6E3A937E4E00}.Release|x86.ActiveCfg = Release|x86
		{E72E4C0A-1C80-45B2-8A6D-6E3A937E4E00}.Release|x86.Build.0 = Release|x86
		{CFAE11E6-555B-4D4C-9432-C133C3F6BBB7}.Code Analysis|Any CPU.ActiveCfg = Code Analysis|x86
		{CFAE11E6-555B-4D4C-9432-C133C3F6BBB7}.Code Analysis|Mixed Platforms.ActiveCfg = Code Analysis|x86
		{CFAE11E6-555B-4D4C-9432-C133C3F6BBB7}.Code Analysis|Mixed Platforms.Build.0 = Code Analysis|x86
		{CFAE11E6-555B-4D4C-9432-C133C3F6BBB7}.Code Analysis|x86.ActiveCfg = Code Analysis|x86
		{CFAE11E6-555B-4D4C-9432-C133C3F6BBB7}.Code Analysis|x86.Build.0 = Code Analysis|x86
		{CFAE11E6-555B-4D4C-9432-C133C3F6BBB7}.Debug|Any CPU.ActiveCfg = Debug|x86
		{CFAE11E6-555B-4D4C-9432-C133C3F6BBB7}.Debug|Mixed Platforms.ActiveCfg = Debug|x86
		{CFAE11E6-555B-4D4C-9432-C133C3F6BBB7}.Debug|x86.ActiveCfg = Debug|x86
		{CFAE11E6-555B-4D4C-9432-C133C3F6BBB7}.Release|Any CPU.ActiveCfg = Release|x86
		{CFAE11E6-555B-4D4C-9432-C133C3F6BBB7}.Release|Mixed Platforms.ActiveCfg = Release|x86
		{CFAE11E6-555B-4D4C-9432-C133C3F6BBB7}.Release|x86.ActiveCfg = Release|x86
		{CFAE11E6-555B-4D4C-9432-C133C3F6BBB7}.Release|x86.Build.0 = Release|x86
		{DEA2437B-66BB-4E17-B85D-F98AC6DCDCB2}.Code Analysis|Any CPU.ActiveCfg = Code Analysis|x86
		{DEA2437B-66BB-4E17-B85D-F98AC6DCDCB2}.Code Analysis|Mixed Platforms.ActiveCfg = Code Analysis|x86
		{DEA2437B-66BB-4E17-B85D-F98AC6DCDCB2}.Code Analysis|Mixed Platforms.Build.0 = Code Analysis|x86
		{DEA2437B-66BB-4E17-B85D-F98AC6DCDCB2}.Code Analysis|x86.ActiveCfg = Code Analysis|x86
		{DEA2437B-66BB-4E17-B85D-F98AC6DCDCB2}.Code Analysis|x86.Build.0 = Code Analysis|x86
		{DEA2437B-66BB-4E17-B85D-F98AC6DCDCB2}.Debug|Any CPU.ActiveCfg = Debug|x86
		{DEA2437B-66BB-4E17-B85D-F98AC6DCDCB2}.Debug|Mixed Platforms.ActiveCfg = Debug|x86
		{DEA2437B-66BB-4E17-B85D-F98AC6DCDCB2}.Debug|x86.ActiveCfg = Debug|x86
		{DEA2437B-66BB-4E17-B85D-F98AC6DCDCB2}.Release|Any CPU.ActiveCfg = Release|x86
		{DEA2437B-66BB-4E17-B85D-F98AC6DCDCB2}.Release|Mixed Platforms.ActiveCfg = Release|x86
		{DEA2437B-66BB-4E17-B85D-F98AC6DCDCB2}.Release|x86.ActiveCfg = Release|x86
		{DEA2437B-66BB-4E17-B85D-F98AC6DCDCB2}.Release|x86.Build.0 = Release|x86
		{66B6A21A-C444-40F2-95D7-C49E7BBEB28C}.Code Analysis|Any CPU.ActiveCfg = Code Analysis|x86
		{66B6A21A-C444-40F2-95D7-C49E7BBEB28C}.Code Analysis|Mixed Platforms.ActiveCfg = Code Analysis|x86
		{66B6A21A-C444-40F2-95D7-C49E7BBEB28C}.Code Analysis|Mixed Platforms.Build.0 = Code Analysis|x86
		{66B6A21A-C444-40F2-95D7-C49E7BBEB28C}.Code Analysis|x86.ActiveCfg = Code Analysis|x86
		{66B6A21A-C444-40F2-95D7-C49E7BBEB28C}.Code Analysis|x86.Build.0 = Code Analysis|x86
		{66B6A21A-C444-40F2-95D7-C49E7BBEB28C}.Debug|Any CPU.ActiveCfg = Debug|x86
		{66B6A21A-C444-40F2-95D7-C49E7BBEB28C}.Debug|Mixed Platforms.ActiveCfg = Debug|x86
		{66B6A21A-C444-40F2-95D7-C49E7BBEB28C}.Debug|x86.ActiveCfg = Debug|x86
		{66B6A21A-C444-40F2-95D7-C49E7BBEB28C}.Release|Any CPU.ActiveCfg = Release|x86
		{66B6A21A-C444-40F2-95D7-C49E7BBEB28C}.Release|Mixed Platforms.ActiveCfg = Release|x86
		{66B6A21A-C444-40F2-95D7-C49E7BBEB28C}.Release|x86.ActiveCfg = Release|x86
		{66B6A21A-C444-40F2-95D7-C49E7BBEB28C}.Release|x86.Build.0 = Release|x86
		{C0521570-766D-4938-A389-7A0594F74731}.Code Analysis|Any CPU.ActiveCfg = Code Analysis|x86
		{C0521570-766D-4938-A389-7A0594F74731}.Code Analysis|Mixed Platforms.ActiveCfg = Code Analysis|x86
		{C0521570-766D-4938-A389-7A0594F74731}.Code Analysis|Mixed Platforms.Build.0 = Code Analysis|x86
		{C0521570-766D-4938-A389-7A0594F74731}.Code Analysis|x86.ActiveCfg = Code Analysis|x86
		{C0521570-766D-4938-A389-7A0594F74731}.Code Analysis|x86.Build.0 = Code Analysis|x86
		{C0521570-766D-4938-A389-7A0594F74731}.Debug|Any CPU.ActiveCfg = Debug|x86
		{C0521570-766D-4938-A389-7A0594F74731}.Debug|Mixed Platforms.ActiveCfg = Debug|x86
		{C0521570-766D-4938-A389-7A0594F74731}.Debug|x86.ActiveCfg = Debug|x86
		{C0521570-766D-4938-A389-7A0594F74731}.Release|Any CPU.ActiveCfg = Release|x86
		{C0521570-766D-4938-A389-7A0594F74731}.Release|Mixed Platforms.ActiveCfg = Release|x86
		{C0521570-766D-4938-A389-7A0594F74731}.Release|x86.ActiveCfg = Release|x86
		{C0521570-766D-4938-A389-7A0594F74731}.Release|x86.Build.0 = Release|x86
		{8AEB808E-8809-4CB9-B023-9010CD0E1FCC}.Code Analysis|Any CPU.ActiveCfg = Code Analysis|x86
		{8AEB808E-8809-4CB9-B023-9010CD0E1FCC}.Code Analysis|Mixed Platforms.ActiveCfg = Code Analysis|x86
		{8AEB808E-8809-4CB9-B023-9010CD0E1FCC}.Code Analysis|Mixed Platforms.Build.0 = Code Analysis|x86
		{8AEB808E-8809-4CB9-B023-9010CD0E1FCC}.Code Analysis|x86.ActiveCfg = Code Analysis|x86
		{8AEB808E-8809-4CB9-B023-9010CD0E1FCC}.Code Analysis|x86.Build.0 = Code Analysis|x86
		{8AEB808E-8809-4CB9-B023-9010CD0E1FCC}.Debug|Any CPU.ActiveCfg = Debug|x86
		{8AEB808E-8809-4CB9-B023-9010CD0E1FCC}.Debug|Mixed Platforms.ActiveCfg = Debug|x86
		{8AEB808E-8809-4CB9-B023-9010CD0E1FCC}.Debug|x86.ActiveCfg = Debug|x86
		{8AEB808E-8809-4CB9-B023-9010CD0E1FCC}.Release|Any CPU.ActiveCfg = Release|x86
		{8AEB808E-8809-4CB9-B023-9010CD0E1FCC}.Release|Mixed Platforms.ActiveCfg = Release|x86
		{8AEB808E-8809-4CB9-B023-9010CD0E1FCC}.Release|x86.ActiveCfg = Release|x86
		{8AEB808E-8809-4CB9-B023-9010CD0E1FCC}.Release|x86.Build.0 = Release|x86
		{F73F7D00-B44E-4549-ADFC-5C7FF9D64356}.Code Analysis|Any CPU.ActiveCfg = Code Analysis|x86
		{F73F7D00-B44E-4549-ADFC-5C7FF9D64356}.Code Analysis|Mixed Platforms.ActiveCfg = Code Analysis|x86
		{F73F7D00-B44E-4549-ADFC-5C7FF9D64356}.Code Analysis|Mixed Platforms.Build.0 = Code Analysis|x86
		{F73F7D00-B44E-4549-ADFC-5C7FF9D64356}.Code Analysis|x86.ActiveCfg = Code Analysis|x86
		{F73F7D00-B44E-4549-ADFC-5C7FF9D64356}.Code Analysis|x86.Build.0 = Code Analysis|x86
		{F73F7D00-B44E-4549-ADFC-5C7FF9D64356}.Debug|Any CPU.ActiveCfg = Debug|x86
		{F73F7D00-B44E-4549-ADFC-5C7FF9D64356}.Debug|Mixed Platforms.ActiveCfg = Debug|x86
		{F73F7D00-B44E-4549-ADFC-5C7FF9D64356}.Debug|x86.ActiveCfg = Debug|x86
		{F73F7D00-B44E-4549-ADFC-5C7FF9D64356}.Release|Any CPU.ActiveCfg = Release|x86
		{F73F7D00-B44E-4549-ADFC-5C7FF9D64356}.Release|Mixed Platforms.ActiveCfg = Release|x86
		{F73F7D00-B44E-4549-ADFC-5C7FF9D64356}.Release|x86.ActiveCfg = Release|x86
		{F73F7D00-B44E-4549-ADFC-5C7FF9D64356}.Release|x86.Build.0 = Release|x86
		{A3A94AAF-964F-4AEA-9830-E46B291E336D}.Code Analysis|Any CPU.ActiveCfg = Code Analysis|x86
		{A3A94AAF-964F-4AEA-9830-E46B291E336D}.Code Analysis|Mixed Platforms.ActiveCfg = Code Analysis|x86
		{A3A94AAF-964F-4AEA-9830-E46B291E336D}.Code Analysis|Mixed Platforms.Build.0 = Code Analysis|x86
		{A3A94AAF-964F-4AEA-9830-E46B291E336D}.Code Analysis|x86.ActiveCfg = Code Analysis|x86
		{A3A94AAF-964F-4AEA-9830-E46B291E336D}.Code Analysis|x86.Build.0 = Code Analysis|x86
		{A3A94AAF-964F-4AEA-9830-E46B291E336D}.Debug|Any CPU.ActiveCfg = Debug|x86
		{A3A94AAF-964F-4AEA-9830-E46B291E336D}.Debug|Mixed Platforms.ActiveCfg = Debug|x86
		{A3A94AAF-964F-4AEA-9830-E46B291E336D}.Debug|x86.ActiveCfg = Debug|x86
		{A3A94AAF-964F-4AEA-9830-E46B291E336D}.Release|Any CPU.ActiveCfg = Release|x86
		{A3A94AAF-964F-4AEA-9830-E46B291E336D}.Release|Mixed Platforms.ActiveCfg = Release|x86
		{A3A94AAF-964F-4AEA-9830-E46B291E336D}.Release|x86.ActiveCfg = Release|x86
		{A3A94AAF-964F-4AEA-9830-E46B291E336D}.Release|x86.Build.0 = Release|x86
		{32D7F6E9-173A-4582-8EDC-671021C23A67}.Code Analysis|Any CPU.ActiveCfg = Code Analysis|x86
		{32D7F6E9-173A-4582-8EDC-671021C23A67}.Code Analysis|Mixed Platforms.ActiveCfg = Code Analysis|x86
		{32D7F6E9-173A-4582-8EDC-671021C23A67}.Code Analysis|Mixed Platforms.Build.0 = Code Analysis|x86
		{32D7F6E9-173A-4582-8EDC-671021C23A67}.Code Analysis|x86.ActiveCfg = Code Analysis|x86
		{32D7F6E9-173A-4582-8EDC-671021C23A67}.Code Analysis|x86.Build.0 = Code Analysis|x86
		{32D7F6E9-173A-4582-8EDC-671021C23A67}.Debug|Any CPU.ActiveCfg = Debug|x86
		{32D7F6E9-173A-4582-8EDC-671021C23A67}.Debug|Mixed Platforms.ActiveCfg = Debug|x86
		{32D7F6E9-173A-4582-8EDC-671021C23A67}.Debug|x86.ActiveCfg = Debug|x86
		{32D7F6E9-173A-4582-8EDC-671021C23A67}.Release|Any CPU.ActiveCfg = Release|x86
		{32D7F6E9-173A-4582-8EDC-671021C23A67}.Release|Mixed Platforms.ActiveCfg = Release|x86
		{32D7F6E9-173A-4582-8EDC-671021C23A67}.Release|x86.ActiveCfg = Release|x86
		{32D7F6E9-173A-4582-8EDC-671021C23A67}.Release|x86.Build.0 = Release|x86
		{EE69F077-2B03-4C5C-A32C-3085836CE4B1}.Code Analysis|Any CPU.ActiveCfg = Code Analysis|x86
		{EE69F077-2B03-4C5C-A32C-3085836CE4B1}.Code Analysis|Mixed Platforms.ActiveCfg = Code Analysis|x86
		{EE69F077-2B03-4C5C-A32C-3085836CE4B1}.Code Analysis|Mixed Platforms.Build.0 = Code Analysis|x86
		{EE69F077-2B03-4C5C-A32C-3085836CE4B1}.Code Analysis|x86.ActiveCfg = Code Analysis|x86
		{EE69F077-2B03-4C5C-A32C-3085836CE4B1}.Code Analysis|x86.Build.0 = Code Analysis|x86
		{EE69F077-2B03-4C5C-A32C-3085836CE4B1}.Debug|Any CPU.ActiveCfg = Debug|x86
		{EE69F077-2B03-4C5C-A32C-3085836CE4B1}.Debug|Mixed Platforms.ActiveCfg = Debug|x86
		{EE69F077-2B03-4C5C-A32C-3085836CE4B1}.Debug|x86.ActiveCfg = Debug|x86
		{EE69F077-2B03-4C5C-A32C-3085836CE4B1}.Release|Any CPU.ActiveCfg = Release|x86
		{EE69F077-2B03-4C5C-A32C-3085836CE4B1}.Release|Mixed Platforms.ActiveCfg = Release|x86
		{EE69F077-2B03-4C5C-A32C-3085836CE4B1}.Release|x86.ActiveCfg = Release|x86
		{EE69F077-2B03-4C5C-A32C-3085836CE4B1}.Release|x86.Build.0 = Release|x86
		{FFF45CE7-A1E5-445C-852F-44741BB0AA88}.Code Analysis|Any CPU.ActiveCfg = Code Analysis|x86
		{FFF45CE7-A1E5-445C-852F-44741BB0AA88}.Code Analysis|Mixed Platforms.ActiveCfg = Code Analysis|x86
		{FFF45CE7-A1E5-445C-852F-44741BB0AA88}.Code Analysis|Mixed Platforms.Build.0 = Code Analysis|x86
		{FFF45CE7-A1E5-445C-852F-44741BB0AA88}.Code Analysis|x86.ActiveCfg = Code Analysis|x86
		{FFF45CE7-A1E5-445C-852F-44741BB0AA88}.Code Analysis|x86.Build.0 = Code Analysis|x86
		{FFF45CE7-A1E5-445C-852F-44741BB0AA88}.Debug|Any CPU.ActiveCfg = Debug|x86
		{FFF45CE7-A1E5-445C-852F-44741BB0AA88}.Debug|Mixed Platforms.ActiveCfg = Debug|x86
		{FFF45CE7-A1E5-445C-852F-44741BB0AA88}.Debug|x86.ActiveCfg = Debug|x86
		{FFF45CE7-A1E5-445C-852F-44741BB0AA88}.Release|Any CPU.ActiveCfg = Release|x86
		{FFF45CE7-A1E5-445C-852F-44741BB0AA88}.Release|Mixed Platforms.ActiveCfg = Release|x86
		{FFF45CE7-A1E5-445C-852F-44741BB0AA88}.Release|x86.ActiveCfg = Release|x86
		{FFF45CE7-A1E5-445C-852F-44741BB0AA88}.Release|x86.Build.0 = Release|x86
		{15C87E2D-55DA-46BB-BCE4-D929C3F0C72D}.Code Analysis|Any CPU.ActiveCfg = Code Analysis|x86
		{15C87E2D-55DA-46BB-BCE4-D929C3F0C72D}.Code Analysis|Mixed Platforms.ActiveCfg = Code Analysis|x86
		{15C87E2D-55DA-46BB-BCE4-D929C3F0C72D}.Code Analysis|Mixed Platforms.Build.0 = Code Analysis|x86
		{15C87E2D-55DA-46BB-BCE4-D929C3F0C72D}.Code Analysis|x86.ActiveCfg = Code Analysis|x86
		{15C87E2D-55DA-46BB-BCE4-D929C3F0C72D}.Code Analysis|x86.Build.0 = Code Analysis|x86
		{15C87E2D-55DA-46BB-BCE4-D929C3F0C72D}.Debug|Any CPU.ActiveCfg = Debug|x86
		{15C87E2D-55DA-46BB-BCE4-D929C3F0C72D}.Debug|Mixed Platforms.ActiveCfg = Debug|x86
		{15C87E2D-55DA-46BB-BCE4-D929C3F0C72D}.Debug|x86.ActiveCfg = Debug|x86
		{15C87E2D-55DA-46BB-BCE4-D929C3F0C72D}.Release|Any CPU.ActiveCfg = Release|x86
		{15C87E2D-55DA-46BB-BCE4-D929C3F0C72D}.Release|Mixed Platforms.ActiveCfg = Release|x86
		{15C87E2D-55DA-46BB-BCE4-D929C3F0C72D}.Release|x86.ActiveCfg = Release|x86
		{15C87E2D-55DA-46BB-BCE4-D929C3F0C72D}.Release|x86.Build.0 = Release|x86
		{6E0B55DC-A516-497B-8567-500310D28599}.Code Analysis|Any CPU.ActiveCfg = Release|x86
		{6E0B55DC-A516-497B-8567-500310D28599}.Code Analysis|Mixed Platforms.ActiveCfg = Release|x86
		{6E0B55DC-A516-497B-8567-500310D28599}.Code Analysis|Mixed Platforms.Build.0 = Release|x86
		{6E0B55DC-A516-497B-8567-500310D28599}.Code Analysis|x86.ActiveCfg = Release|x86
		{6E0B55DC-A516-497B-8567-500310D28599}.Code Analysis|x86.Build.0 = Release|x86
		{6E0B55DC-A516-497B-8567-500310D28599}.Debug|Any CPU.ActiveCfg = Debug|x86
		{6E0B55DC-A516-497B-8567-500310D28599}.Debug|Mixed Platforms.ActiveCfg = Debug|x86
		{6E0B55DC-A516-497B-8567-500310D28599}.Debug|x86.ActiveCfg = Debug|x86
		{6E0B55DC-A516-497B-8567-500310D28599}.Release|Any CPU.ActiveCfg = Release|x86
		{6E0B55DC-A516-497B-8567-500310D28599}.Release|Mixed Platforms.ActiveCfg = Release|x86
		{6E0B55DC-A516-497B-8567-500310D28599}.Release|x86.ActiveCfg = Release|x86
		{6E0B55DC-A516-497B-8567-500310D28599}.Release|x86.Build.0 = Release|x86
		{00D1C7A2-8594-4401-B4A4-72BBFCA4C472}.Code Analysis|Any CPU.ActiveCfg = Release|x86
		{00D1C7A2-8594-4401-B4A4-72BBFCA4C472}.Code Analysis|Mixed Platforms.ActiveCfg = Release|x86
		{00D1C7A2-8594-4401-B4A4-72BBFCA4C472}.Code Analysis|Mixed Platforms.Build.0 = Release|x86
		{00D1C7A2-8594-4401-B4A4-72BBFCA4C472}.Code Analysis|x86.ActiveCfg = Release|x86
		{00D1C7A2-8594-4401-B4A4-72BBFCA4C472}.Code Analysis|x86.Build.0 = Release|x86
		{00D1C7A2-8594-4401-B4A4-72BBFCA4C472}.Debug|Any CPU.ActiveCfg = Debug|x86
		{00D1C7A2-8594-4401-B4A4-72BBFCA4C472}.Debug|Mixed Platforms.ActiveCfg = Debug|x86
		{00D1C7A2-8594-4401-B4A4-72BBFCA4C472}.Debug|x86.ActiveCfg = Debug|x86
		{00D1C7A2-8594-4401-B4A4-72BBFCA4C472}.Release|Any CPU.ActiveCfg = Release|x86
		{00D1C7A2-8594-4401-B4A4-72BBFCA4C472}.Release|Mixed Platforms.ActiveCfg = Release|x86
		{00D1C7A2-8594-4401-B4A4-72BBFCA4C472}.Release|x86.ActiveCfg = Release|x86
		{00D1C7A2-8594-4401-B4A4-72BBFCA4C472}.Release|x86.Build.0 = Release|x86
		{0BC67DB3-B402-457D-9A6D-008E2BE78B39}.Code Analysis|Any CPU.ActiveCfg = Release|x86
		{0BC67DB3-B402-457D-9A6D-008E2BE78B39}.Code Analysis|Mixed Platforms.ActiveCfg = Release|x86
		{0BC67DB3-B402-457D-9A6D-008E2BE78B39}.Code Analysis|Mixed Platforms.Build.0 = Release|x86
		{0BC67DB3-B402-457D-9A6D-008E2BE78B39}.Code Analysis|x86.ActiveCfg = Release|x86
		{0BC67DB3-B402-457D-9A6D-008E2BE78B39}.Code Analysis|x86.Build.0 = Release|x86
		{0BC67DB3-B402-457D-9A6D-008E2BE78B39}.Debug|Any CPU.ActiveCfg = Debug|x86
		{0BC67DB3-B402-457D-9A6D-008E2BE78B39}.Debug|Mixed Platforms.ActiveCfg = Debug|x86
		{0BC67DB3-B402-457D-9A6D-008E2BE78B39}.Debug|x86.ActiveCfg = Debug|x86
		{0BC67DB3-B402-457D-9A6D-008E2BE78B39}.Release|Any CPU.ActiveCfg = Release|x86
		{0BC67DB3-B402-457D-9A6D-008E2BE78B39}.Release|Mixed Platforms.ActiveCfg = Release|x86
		{0BC67DB3-B402-457D-9A6D-008E2BE78B39}.Release|x86.ActiveCfg = Release|x86
		{0BC67DB3-B402-457D-9A6D-008E2BE78B39}.Release|x86.Build.0 = Release|x86
		{A2FE99FE-E61A-420A-9E05-F6B145A257A2}.Code Analysis|Any CPU.ActiveCfg = Release|x86
		{A2FE99FE-E61A-420A-9E05-F6B145A257A2}.Code Analysis|Mixed Platforms.ActiveCfg = Release|x86
		{A2FE99FE-E61A-420A-9E05-F6B145A257A2}.Code Analysis|Mixed Platforms.Build.0 = Release|x86
		{A2FE99FE-E61A-420A-9E05-F6B145A257A2}.Code Analysis|x86.ActiveCfg = Release|x86
		{A2FE99FE-E61A-420A-9E05-F6B145A257A2}.Code Analysis|x86.Build.0 = Release|x86
		{A2FE99FE-E61A-420A-9E05-F6B145A257A2}.Debug|Any CPU.ActiveCfg = Debug|x86
		{A2FE99FE-E61A-420A-9E05-F6B145A257A2}.Debug|Mixed Platforms.ActiveCfg = Debug|x86
		{A2FE99FE-E61A-420A-9E05-F6B145A257A2}.Debug|x86.ActiveCfg = Debug|x86
		{A2FE99FE-E61A-420A-9E05-F6B145A257A2}.Release|Any CPU.ActiveCfg = Release|x86
		{A2FE99FE-E61A-420A-9E05-F6B145A257A2}.Release|Mixed Platforms.ActiveCfg = Release|x86
		{A2FE99FE-E61A-420A-9E05-F6B145A257A2}.Release|x86.ActiveCfg = Release|x86
		{A2FE99FE-E61A-420A-9E05-F6B145A257A2}.Release|x86.Build.0 = Release|x86
		{D98F818D-FB70-48D9-AB7D-EF569AC09257}.Code Analysis|Any CPU.ActiveCfg = Release|x86
		{D98F818D-FB70-48D9-AB7D-EF569AC09257}.Code Analysis|Mixed Platforms.ActiveCfg = Release|x86
		{D98F818D-FB70-48D9-AB7D-EF569AC09257}.Code Analysis|Mixed Platforms.Build.0 = Release|x86
		{D98F818D-FB70-48D9-AB7D-EF569AC09257}.Code Analysis|x86.ActiveCfg = Release|x86
		{D98F818D-FB70-48D9-AB7D-EF569AC09257}.Code Analysis|x86.Build.0 = Release|x86
		{D98F818D-FB70-48D9-AB7D-EF569AC09257}.Debug|Any CPU.ActiveCfg = Debug|x86
		{D98F818D-FB70-48D9-AB7D-EF569AC09257}.Debug|Mixed Platforms.ActiveCfg = Debug|x86
		{D98F818D-FB70-48D9-AB7D-EF569AC09257}.Debug|x86.ActiveCfg = Debug|x86
		{D98F818D-FB70-48D9-AB7D-EF569AC09257}.Release|Any CPU.ActiveCfg = Release|x86
		{D98F818D-FB70-48D9-AB7D-EF569AC09257}.Release|Mixed Platforms.ActiveCfg = Release|x86
		{D98F818D-FB70-48D9-AB7D-EF569AC09257}.Release|x86.ActiveCfg = Release|x86
		{D98F818D-FB70-48D9-AB7D-EF569AC09257}.Release|x86.Build.0 = Release|x86
		{2A13F331-81C3-410D-B82B-8A2EA20B5CEB}.Code Analysis|Any CPU.ActiveCfg = Release|x86
		{2A13F331-81C3-410D-B82B-8A2EA20B5CEB}.Code Analysis|Mixed Platforms.ActiveCfg = Release|x86
		{2A13F331-81C3-410D-B82B-8A2EA20B5CEB}.Code Analysis|Mixed Platforms.Build.0 = Release|x86
		{2A13F331-81C3-410D-B82B-8A2EA20B5CEB}.Code Analysis|x86.ActiveCfg = Release|x86
		{2A13F331-81C3-410D-B82B-8A2EA20B5CEB}.Code Analysis|x86.Build.0 = Release|x86
		{2A13F331-81C3-410D-B82B-8A2EA20B5CEB}.Debug|Any CPU.ActiveCfg = Debug|x86
		{2A13F331-81C3-410D-B82B-8A2EA20B5CEB}.Debug|Mixed Platforms.ActiveCfg = Debug|x86
		{2A13F331-81C3-410D-B82B-8A2EA20B5CEB}.Debug|x86.ActiveCfg = Debug|x86
		{2A13F331-81C3-410D-B82B-8A2EA20B5CEB}.Release|Any CPU.ActiveCfg = Release|x86
		{2A13F331-81C3-410D-B82B-8A2EA20B5CEB}.Release|Mixed Platforms.ActiveCfg = Release|x86
		{2A13F331-81C3-410D-B82B-8A2EA20B5CEB}.Release|x86.ActiveCfg = Release|x86
		{2A13F331-81C3-410D-B82B-8A2EA20B5CEB}.Release|x86.Build.0 = Release|x86
		{DAEB28B0-084D-40A2-9BC5-1C041A22967F}.Code Analysis|Any CPU.ActiveCfg = Release|x86
		{DAEB28B0-084D-40A2-9BC5-1C041A22967F}.Code Analysis|Mixed Platforms.ActiveCfg = Release|x86
		{DAEB28B0-084D-40A2-9BC5-1C041A22967F}.Code Analysis|Mixed Platforms.Build.0 = Release|x86
		{DAEB28B0-084D-40A2-9BC5-1C041A22967F}.Code Analysis|x86.ActiveCfg = Release|x86
		{DAEB28B0-084D-40A2-9BC5-1C041A22967F}.Code Analysis|x86.Build.0 = Release|x86
		{DAEB28B0-084D-40A2-9BC5-1C041A22967F}.Debug|Any CPU.ActiveCfg = Debug|x86
		{DAEB28B0-084D-40A2-9BC5-1C041A22967F}.Debug|Mixed Platforms.ActiveCfg = Debug|x86
		{DAEB28B0-084D-40A2-9BC5-1C041A22967F}.Debug|x86.ActiveCfg = Debug|x86
		{DAEB28B0-084D-40A2-9BC5-1C041A22967F}.Release|Any CPU.ActiveCfg = Release|x86
		{DAEB28B0-084D-40A2-9BC5-1C041A22967F}.Release|Mixed Platforms.ActiveCfg = Release|x86
		{DAEB28B0-084D-40A2-9BC5-1C041A22967F}.Release|x86.ActiveCfg = Release|x86
		{DAEB28B0-084D-40A2-9BC5-1C041A22967F}.Release|x86.Build.0 = Release|x86
		{170E61F8-B343-411E-93F1-9EBD461B79B8}.Code Analysis|Any CPU.ActiveCfg = Release|x86
		{170E61F8-B343-411E-93F1-9EBD461B79B8}.Code Analysis|Mixed Platforms.ActiveCfg = Release|x86
		{170E61F8-B343-411E-93F1-9EBD461B79B8}.Code Analysis|Mixed Platforms.Build.0 = Release|x86
		{170E61F8-B343-411E-93F1-9EBD461B79B8}.Code Analysis|x86.ActiveCfg = Release|x86
		{170E61F8-B343-411E-93F1-9EBD461B79B8}.Code Analysis|x86.Build.0 = Release|x86
		{170E61F8-B343-411E-93F1-9EBD461B79B8}.Debug|Any CPU.ActiveCfg = Debug|x86
		{170E61F8-B343-411E-93F1-9EBD461B79B8}.Debug|Mixed Platforms.ActiveCfg = Debug|x86
		{170E61F8-B343-411E-93F1-9EBD461B79B8}.Debug|x86.ActiveCfg = Debug|x86
		{170E61F8-B343-411E-93F1-9EBD461B79B8}.Release|Any CPU.ActiveCfg = Release|x86
		{170E61F8-B343-411E-93F1-9EBD461B79B8}.Release|Mixed Platforms.ActiveCfg = Release|x86
		{170E61F8-B343-411E-93F1-9EBD461B79B8}.Release|x86.ActiveCfg = Release|x86
		{170E61F8-B343-411E-93F1-9EBD461B79B8}.Release|x86.Build.0 = Release|x86
		{FDAAEE8B-BB17-4716-9F3E-6DDA5B912153}.Code Analysis|Any CPU.ActiveCfg = Release|x86
		{FDAAEE8B-BB17-4716-9F3E-6DDA5B912153}.Code Analysis|Mixed Platforms.ActiveCfg = Release|x86
		{FDAAEE8B-BB17-4716-9F3E-6DDA5B912153}.Code Analysis|Mixed Platforms.Build.0 = Release|x86
		{FDAAEE8B-BB17-4716-9F3E-6DDA5B912153}.Code Analysis|x86.ActiveCfg = Release|x86
		{FDAAEE8B-BB17-4716-9F3E-6DDA5B912153}.Code Analysis|x86.Build.0 = Release|x86
		{FDAAEE8B-BB17-4716-9F3E-6DDA5B912153}.Debug|Any CPU.ActiveCfg = Debug|x86
		{FDAAEE8B-BB17-4716-9F3E-6DDA5B912153}.Debug|Mixed Platforms.ActiveCfg = Debug|x86
		{FDAAEE8B-BB17-4716-9F3E-6DDA5B912153}.Debug|x86.ActiveCfg = Debug|x86
		{FDAAEE8B-BB17-4716-9F3E-6DDA5B912153}.Release|Any CPU.ActiveCfg = Release|x86
		{FDAAEE8B-BB17-4716-9F3E-6DDA5B912153}.Release|Mixed Platforms.ActiveCfg = Release|x86
		{FDAAEE8B-BB17-4716-9F3E-6DDA5B912153}.Release|x86.ActiveCfg = Release|x86
		{FDAAEE8B-BB17-4716-9F3E-6DDA5B912153}.Release|x86.Build.0 = Release|x86
		{3C53E9C7-0BC7-40C7-AC5E-E3D30F8E4F7F}.Code Analysis|Any CPU.ActiveCfg = Release|x86
		{3C53E9C7-0BC7-40C7-AC5E-E3D30F8E4F7F}.Code Analysis|Mixed Platforms.ActiveCfg = Release|x86
		{3C53E9C7-0BC7-40C7-AC5E-E3D30F8E4F7F}.Code Analysis|Mixed Platforms.Build.0 = Release|x86
		{3C53E9C7-0BC7-40C7-AC5E-E3D30F8E4F7F}.Code Analysis|x86.ActiveCfg = Release|x86
		{3C53E9C7-0BC7-40C7-AC5E-E3D30F8E4F7F}.Code Analysis|x86.Build.0 = Release|x86
		{3C53E9C7-0BC7-40C7-AC5E-E3D30F8E4F7F}.Debug|Any CPU.ActiveCfg = Debug|x86
		{3C53E9C7-0BC7-40C7-AC5E-E3D30F8E4F7F}.Debug|Mixed Platforms.ActiveCfg = Debug|x86
		{3C53E9C7-0BC7-40C7-AC5E-E3D30F8E4F7F}.Debug|x86.ActiveCfg = Debug|x86
		{3C53E9C7-0BC7-40C7-AC5E-E3D30F8E4F7F}.Release|Any CPU.ActiveCfg = Release|x86
		{3C53E9C7-0BC7-40C7-AC5E-E3D30F8E4F7F}.Release|Mixed Platforms.ActiveCfg = Release|x86
		{3C53E9C7-0BC7-40C7-AC5E-E3D30F8E4F7F}.Release|x86.ActiveCfg = Release|x86
		{3C53E9C7-0BC7-40C7-AC5E-E3D30F8E4F7F}.Release|x86.Build.0 = Release|x86
		{3916BE43-FCB2-4E42-BEDE-FF500CA42BB9}.Code Analysis|Any CPU.ActiveCfg = Release|x86
		{3916BE43-FCB2-4E42-BEDE-FF500CA42BB9}.Code Analysis|Mixed Platforms.ActiveCfg = Release|x86
		{3916BE43-FCB2-4E42-BEDE-FF500CA42BB9}.Code Analysis|Mixed Platforms.Build.0 = Release|x86
		{3916BE43-FCB2-4E42-BEDE-FF500CA42BB9}.Code Analysis|x86.ActiveCfg = Release|x86
		{3916BE43-FCB2-4E42-BEDE-FF500CA42BB9}.Code Analysis|x86.Build.0 = Release|x86
		{3916BE43-FCB2-4E42-BEDE-FF500CA42BB9}.Debug|Any CPU.ActiveCfg = Debug|x86
		{3916BE43-FCB2-4E42-BEDE-FF500CA42BB9}.Debug|Mixed Platforms.ActiveCfg = Debug|x86
		{3916BE43-FCB2-4E42-BEDE-FF500CA42BB9}.Debug|x86.ActiveCfg = Debug|x86
		{3916BE43-FCB2-4E42-BEDE-FF500CA42BB9}.Release|Any CPU.ActiveCfg = Release|x86
		{3916BE43-FCB2-4E42-BEDE-FF500CA42BB9}.Release|Mixed Platforms.ActiveCfg = Release|x86
		{3916BE43-FCB2-4E42-BEDE-FF500CA42BB9}.Release|x86.ActiveCfg = Release|x86
		{3916BE43-FCB2-4E42-BEDE-FF500CA42BB9}.Release|x86.Build.0 = Release|x86
		{14662529-D89A-4122-A937-81F3F4A7A0DD}.Code Analysis|Any CPU.ActiveCfg = Release|x86
		{14662529-D89A-4122-A937-81F3F4A7A0DD}.Code Analysis|Mixed Platforms.ActiveCfg = Release|x86
		{14662529-D89A-4122-A937-81F3F4A7A0DD}.Code Analysis|Mixed Platforms.Build.0 = Release|x86
		{14662529-D89A-4122-A937-81F3F4A7A0DD}.Code Analysis|x86.ActiveCfg = Release|x86
		{14662529-D89A-4122-A937-81F3F4A7A0DD}.Code Analysis|x86.Build.0 = Release|x86
		{14662529-D89A-4122-A937-81F3F4A7A0DD}.Debug|Any CPU.ActiveCfg = Debug|x86
		{14662529-D89A-4122-A937-81F3F4A7A0DD}.Debug|Mixed Platforms.ActiveCfg = Debug|x86
		{14662529-D89A-4122-A937-81F3F4A7A0DD}.Debug|x86.ActiveCfg = Debug|x86
		{14662529-D89A-4122-A937-81F3F4A7A0DD}.Release|Any CPU.ActiveCfg = Release|x86
		{14662529-D89A-4122-A937-81F3F4A7A0DD}.Release|Mixed Platforms.ActiveCfg = Release|x86
		{14662529-D89A-4122-A937-81F3F4A7A0DD}.Release|x86.ActiveCfg = Release|x86
		{14662529-D89A-4122-A937-81F3F4A7A0DD}.Release|x86.Build.0 = Release|x86
		{450155B9-55BC-46A1-BA92-224B08297DA0}.Code Analysis|Any CPU.ActiveCfg = Release|x86
		{450155B9-55BC-46A1-BA92-224B08297DA0}.Code Analysis|Mixed Platforms.ActiveCfg = Release|x86
		{450155B9-55BC-46A1-BA92-224B08297DA0}.Code Analysis|Mixed Platforms.Build.0 = Release|x86
		{450155B9-55BC-46A1-BA92-224B08297DA0}.Code Analysis|x86.ActiveCfg = Release|x86
		{450155B9-55BC-46A1-BA92-224B08297DA0}.Code Analysis|x86.Build.0 = Release|x86
		{450155B9-55BC-46A1-BA92-224B08297DA0}.Debug|Any CPU.ActiveCfg = Debug|x86
		{450155B9-55BC-46A1-BA92-224B08297DA0}.Debug|Mixed Platforms.ActiveCfg = Debug|x86
		{450155B9-55BC-46A1-BA92-224B08297DA0}.Debug|x86.ActiveCfg = Debug|x86
		{450155B9-55BC-46A1-BA92-224B08297DA0}.Release|Any CPU.ActiveCfg = Release|x86
		{450155B9-55BC-46A1-BA92-224B08297DA0}.Release|Mixed Platforms.ActiveCfg = Release|x86
		{450155B9-55BC-46A1-BA92-224B08297DA0}.Release|x86.ActiveCfg = Release|x86
		{450155B9-55BC-46A1-BA92-224B08297DA0}.Release|x86.Build.0 = Release|x86
		{862B511B-7248-4152-A600-2C099ECE8CB8}.Code Analysis|Any CPU.ActiveCfg = Release|x86
		{862B511B-7248-4152-A600-2C099ECE8CB8}.Code Analysis|Mixed Platforms.ActiveCfg = Release|x86
		{862B511B-7248-4152-A600-2C099ECE8CB8}.Code Analysis|Mixed Platforms.Build.0 = Release|x86
		{862B511B-7248-4152-A600-2C099ECE8CB8}.Code Analysis|x86.ActiveCfg = Release|x86
		{862B511B-7248-4152-A600-2C099ECE8CB8}.Code Analysis|x86.Build.0 = Release|x86
		{862B511B-7248-4152-A600-2C099ECE8CB8}.Debug|Any CPU.ActiveCfg = Debug|x86
		{862B511B-7248-4152-A600-2C099ECE8CB8}.Debug|Mixed Platforms.ActiveCfg = Debug|x86
		{862B511B-7248-4152-A600-2C099ECE8CB8}.Debug|Mixed Platforms.Build.0 = Debug|x86
		{862B511B-7248-4152-A600-2C099ECE8CB8}.Debug|x86.ActiveCfg = Debug|x86
		{862B511B-7248-4152-A600-2C099ECE8CB8}.Debug|x86.Build.0 = Debug|x86
		{862B511B-7248-4152-A600-2C099ECE8CB8}.Release|Any CPU.ActiveCfg = Release|x86
		{862B511B-7248-4152-A600-2C099ECE8CB8}.Release|Mixed Platforms.ActiveCfg = Release|x86
		{862B511B-7248-4152-A600-2C099ECE8CB8}.Release|Mixed Platforms.Build.0 = Release|x86
		{862B511B-7248-4152-A600-2C099ECE8CB8}.Release|x86.ActiveCfg = Release|x86
		{862B511B-7248-4152-A600-2C099ECE8CB8}.Release|x86.Build.0 = Release|x86
		{84C8332A-E94B-4AB0-A037-E0F74D3D5718}.Code Analysis|Any CPU.ActiveCfg = Release|x86
		{84C8332A-E94B-4AB0-A037-E0F74D3D5718}.Code Analysis|Mixed Platforms.ActiveCfg = Release|x86
		{84C8332A-E94B-4AB0-A037-E0F74D3D5718}.Code Analysis|Mixed Platforms.Build.0 = Release|x86
		{84C8332A-E94B-4AB0-A037-E0F74D3D5718}.Code Analysis|x86.ActiveCfg = Release|x86
		{84C8332A-E94B-4AB0-A037-E0F74D3D5718}.Code Analysis|x86.Build.0 = Release|x86
		{84C8332A-E94B-4AB0-A037-E0F74D3D5718}.Debug|Any CPU.ActiveCfg = Debug|x86
		{84C8332A-E94B-4AB0-A037-E0F74D3D5718}.Debug|Mixed Platforms.ActiveCfg = Debug|x86
		{84C8332A-E94B-4AB0-A037-E0F74D3D5718}.Debug|Mixed Platforms.Build.0 = Debug|x86
		{84C8332A-E94B-4AB0-A037-E0F74D3D5718}.Debug|x86.ActiveCfg = Debug|x86
		{84C8332A-E94B-4AB0-A037-E0F74D3D5718}.Debug|x86.Build.0 = Debug|x86
		{84C8332A-E94B-4AB0-A037-E0F74D3D5718}.Release|Any CPU.ActiveCfg = Release|x86
		{84C8332A-E94B-4AB0-A037-E0F74D3D5718}.Release|Mixed Platforms.ActiveCfg = Release|x86
		{84C8332A-E94B-4AB0-A037-E0F74D3D5718}.Release|Mixed Platforms.Build.0 = Release|x86
		{84C8332A-E94B-4AB0-A037-E0F74D3D5718}.Release|x86.ActiveCfg = Release|x86
		{84C8332A-E94B-4AB0-A037-E0F74D3D5718}.Release|x86.Build.0 = Release|x86
		{14DDC6CE-E6E0-4B60-AD83-750B5DCFB483}.Code Analysis|Any CPU.ActiveCfg = Release|x86
		{14DDC6CE-E6E0-4B60-AD83-750B5DCFB483}.Code Analysis|Mixed Platforms.ActiveCfg = Release|x86
		{14DDC6CE-E6E0-4B60-AD83-750B5DCFB483}.Code Analysis|Mixed Platforms.Build.0 = Release|x86
		{14DDC6CE-E6E0-4B60-AD83-750B5DCFB483}.Code Analysis|x86.ActiveCfg = Release|x86
		{14DDC6CE-E6E0-4B60-AD83-750B5DCFB483}.Code Analysis|x86.Build.0 = Release|x86
		{14DDC6CE-E6E0-4B60-AD83-750B5DCFB483}.Debug|Any CPU.ActiveCfg = Debug|x86
		{14DDC6CE-E6E0-4B60-AD83-750B5DCFB483}.Debug|Mixed Platforms.ActiveCfg = Debug|x86
		{14DDC6CE-E6E0-4B60-AD83-750B5DCFB483}.Debug|Mixed Platforms.Build.0 = Debug|x86
		{14DDC6CE-E6E0-4B60-AD83-750B5DCFB483}.Debug|x86.ActiveCfg = Debug|x86
		{14DDC6CE-E6E0-4B60-AD83-750B5DCFB483}.Debug|x86.Build.0 = Debug|x86
		{14DDC6CE-E6E0-4B60-AD83-750B5DCFB483}.Release|Any CPU.ActiveCfg = Release|x86
		{14DDC6CE-E6E0-4B60-AD83-750B5DCFB483}.Release|Mixed Platforms.ActiveCfg = Release|x86
		{14DDC6CE-E6E0-4B60-AD83-750B5DCFB483}.Release|Mixed Platforms.Build.0 = Release|x86
		{14DDC6CE-E6E0-4B60-AD83-750B5DCFB483}.Release|x86.ActiveCfg = Release|x86
		{14DDC6CE-E6E0-4B60-AD83-750B5DCFB483}.Release|x86.Build.0 = Release|x86
		{9B188277-E84B-4A93-BF52-7A98999BA589}.Code Analysis|Any CPU.ActiveCfg = Release|x86
		{9B188277-E84B-4A93-BF52-7A98999BA589}.Code Analysis|Mixed Platforms.ActiveCfg = Release|x86
		{9B188277-E84B-4A93-BF52-7A98999BA589}.Code Analysis|Mixed Platforms.Build.0 = Release|x86
		{9B188277-E84B-4A93-BF52-7A98999BA589}.Code Analysis|x86.ActiveCfg = Release|x86
		{9B188277-E84B-4A93-BF52-7A98999BA589}.Code Analysis|x86.Build.0 = Release|x86
		{9B188277-E84B-4A93-BF52-7A98999BA589}.Debug|Any CPU.ActiveCfg = Debug|x86
		{9B188277-E84B-4A93-BF52-7A98999BA589}.Debug|Mixed Platforms.ActiveCfg = Debug|x86
		{9B188277-E84B-4A93-BF52-7A98999BA589}.Debug|Mixed Platforms.Build.0 = Debug|x86
		{9B188277-E84B-4A93-BF52-7A98999BA589}.Debug|x86.ActiveCfg = Debug|x86
		{9B188277-E84B-4A93-BF52-7A98999BA589}.Debug|x86.Build.0 = Debug|x86
		{9B188277-E84B-4A93-BF52-7A98999BA589}.Release|Any CPU.ActiveCfg = Release|x86
		{9B188277-E84B-4A93-BF52-7A98999BA589}.Release|Mixed Platforms.ActiveCfg = Release|x86
		{9B188277-E84B-4A93-BF52-7A98999BA589}.Release|Mixed Platforms.Build.0 = Release|x86
		{9B188277-E84B-4A93-BF52-7A98999BA589}.Release|x86.ActiveCfg = Release|x86
		{9B188277-E84B-4A93-BF52-7A98999BA589}.Release|x86.Build.0 = Release|x86
		{DC973487-CD4D-41AC-881A-F19CB968EA49}.Code Analysis|Any CPU.ActiveCfg = Release|x86
		{DC973487-CD4D-41AC-881A-F19CB968EA49}.Code Analysis|Mixed Platforms.ActiveCfg = Release|x86
		{DC973487-CD4D-41AC-881A-F19CB968EA49}.Code Analysis|Mixed Platforms.Build.0 = Release|x86
		{DC973487-CD4D-41AC-881A-F19CB968EA49}.Code Analysis|x86.ActiveCfg = Release|x86
		{DC973487-CD4D-41AC-881A-F19CB968EA49}.Code Analysis|x86.Build.0 = Release|x86
		{DC973487-CD4D-41AC-881A-F19CB968EA49}.Debug|Any CPU.ActiveCfg = Debug|x86
		{DC973487-CD4D-41AC-881A-F19CB968EA49}.Debug|Mixed Platforms.ActiveCfg = Debug|x86
		{DC973487-CD4D-41AC-881A-F19CB968EA49}.Debug|Mixed Platforms.Build.0 = Debug|x86
		{DC973487-CD4D-41AC-881A-F19CB968EA49}.Debug|x86.ActiveCfg = Debug|x86
		{DC973487-CD4D-41AC-881A-F19CB968EA49}.Debug|x86.Build.0 = Debug|x86
		{DC973487-CD4D-41AC-881A-F19CB968EA49}.Release|Any CPU.ActiveCfg = Release|x86
		{DC973487-CD4D-41AC-881A-F19CB968EA49}.Release|Mixed Platforms.ActiveCfg = Release|x86
		{DC973487-CD4D-41AC-881A-F19CB968EA49}.Release|Mixed Platforms.Build.0 = Release|x86
		{DC973487-CD4D-41AC-881A-F19CB968EA49}.Release|x86.ActiveCfg = Release|x86
		{DC973487-CD4D-41AC-881A-F19CB968EA49}.Release|x86.Build.0 = Release|x86
		{AC3F1075-114C-4DF4-958A-C31AA84A33D8}.Code Analysis|Any CPU.ActiveCfg = Release|x86
		{AC3F1075-114C-4DF4-958A-C31AA84A33D8}.Code Analysis|Mixed Platforms.ActiveCfg = Release|x86
		{AC3F1075-114C-4DF4-958A-C31AA84A33D8}.Code Analysis|Mixed Platforms.Build.0 = Release|x86
		{AC3F1075-114C-4DF4-958A-C31AA84A33D8}.Code Analysis|x86.ActiveCfg = Release|x86
		{AC3F1075-114C-4DF4-958A-C31AA84A33D8}.Code Analysis|x86.Build.0 = Release|x86
		{AC3F1075-114C-4DF4-958A-C31AA84A33D8}.Debug|Any CPU.ActiveCfg = Debug|x86
		{AC3F1075-114C-4DF4-958A-C31AA84A33D8}.Debug|Mixed Platforms.ActiveCfg = Debug|x86
		{AC3F1075-114C-4DF4-958A-C31AA84A33D8}.Debug|Mixed Platforms.Build.0 = Debug|x86
		{AC3F1075-114C-4DF4-958A-C31AA84A33D8}.Debug|x86.ActiveCfg = Debug|x86
		{AC3F1075-114C-4DF4-958A-C31AA84A33D8}.Debug|x86.Build.0 = Debug|x86
		{AC3F1075-114C-4DF4-958A-C31AA84A33D8}.Release|Any CPU.ActiveCfg = Release|x86
		{AC3F1075-114C-4DF4-958A-C31AA84A33D8}.Release|Mixed Platforms.ActiveCfg = Release|x86
		{AC3F1075-114C-4DF4-958A-C31AA84A33D8}.Release|Mixed Platforms.Build.0 = Release|x86
		{AC3F1075-114C-4DF4-958A-C31AA84A33D8}.Release|x86.ActiveCfg = Release|x86
		{AC3F1075-114C-4DF4-958A-C31AA84A33D8}.Release|x86.Build.0 = Release|x86
		{9B786FAE-A554-4A76-953D-F52677184FE5}.Code Analysis|Any CPU.ActiveCfg = Release|x86
		{9B786FAE-A554-4A76-953D-F52677184FE5}.Code Analysis|Mixed Platforms.ActiveCfg = Release|x86
		{9B786FAE-A554-4A76-953D-F52677184FE5}.Code Analysis|Mixed Platforms.Build.0 = Release|x86
		{9B786FAE-A554-4A76-953D-F52677184FE5}.Code Analysis|x86.ActiveCfg = Release|x86
		{9B786FAE-A554-4A76-953D-F52677184FE5}.Code Analysis|x86.Build.0 = Release|x86
		{9B786FAE-A554-4A76-953D-F52677184FE5}.Debug|Any CPU.ActiveCfg = Debug|x86
		{9B786FAE-A554-4A76-953D-F52677184FE5}.Debug|Mixed Platforms.ActiveCfg = Debug|x86
		{9B786FAE-A554-4A76-953D-F52677184FE5}.Debug|Mixed Platforms.Build.0 = Debug|x86
		{9B786FAE-A554-4A76-953D-F52677184FE5}.Debug|x86.ActiveCfg = Debug|x86
		{9B786FAE-A554-4A76-953D-F52677184FE5}.Debug|x86.Build.0 = Debug|x86
		{9B786FAE-A554-4A76-953D-F52677184FE5}.Release|Any CPU.ActiveCfg = Release|x86
		{9B786FAE-A554-4A76-953D-F52677184FE5}.Release|Mixed Platforms.ActiveCfg = Release|x86
		{9B786FAE-A554-4A76-953D-F52677184FE5}.Release|Mixed Platforms.Build.0 = Release|x86
		{9B786FAE-A554-4A76-953D-F52677184FE5}.Release|x86.ActiveCfg = Release|x86
		{9B786FAE-A554-4A76-953D-F52677184FE5}.Release|x86.Build.0 = Release|x86
		{44B7CC7D-ADA8-490B-A531-C0BE425C4423}.Code Analysis|Any CPU.ActiveCfg = Release|x86
		{44B7CC7D-ADA8-490B-A531-C0BE425C4423}.Code Analysis|Mixed Platforms.ActiveCfg = Release|x86
		{44B7CC7D-ADA8-490B-A531-C0BE425C4423}.Code Analysis|Mixed Platforms.Build.0 = Release|x86
		{44B7CC7D-ADA8-490B-A531-C0BE425C4423}.Code Analysis|x86.ActiveCfg = Release|x86
		{44B7CC7D-ADA8-490B-A531-C0BE425C4423}.Code Analysis|x86.Build.0 = Release|x86
		{44B7CC7D-ADA8-490B-A531-C0BE425C4423}.Debug|Any CPU.ActiveCfg = Debug|x86
		{44B7CC7D-ADA8-490B-A531-C0BE425C4423}.Debug|Mixed Platforms.ActiveCfg = Debug|x86
		{44B7CC7D-ADA8-490B-A531-C0BE425C4423}.Debug|Mixed Platforms.Build.0 = Debug|x86
		{44B7CC7D-ADA8-490B-A531-C0BE425C4423}.Debug|x86.ActiveCfg = Debug|x86
		{44B7CC7D-ADA8-490B-A531-C0BE425C4423}.Debug|x86.Build.0 = Debug|x86
		{44B7CC7D-ADA8-490B-A531-C0BE425C4423}.Release|Any CPU.ActiveCfg = Release|x86
		{44B7CC7D-ADA8-490B-A531-C0BE425C4423}.Release|Mixed Platforms.ActiveCfg = Release|x86
		{44B7CC7D-ADA8-490B-A531-C0BE425C4423}.Release|Mixed Platforms.Build.0 = Release|x86
		{44B7CC7D-ADA8-490B-A531-C0BE425C4423}.Release|x86.ActiveCfg = Release|x86
		{44B7CC7D-ADA8-490B-A531-C0BE425C4423}.Release|x86.Build.0 = Release|x86
		{6DEE84FD-DCF3-4D68-9E48-EA9AED2BD5F7}.Code Analysis|Any CPU.ActiveCfg = Release|x86
		{6DEE84FD-DCF3-4D68-9E48-EA9AED2BD5F7}.Code Analysis|Mixed Platforms.ActiveCfg = Release|x86
		{6DEE84FD-DCF3-4D68-9E48-EA9AED2BD5F7}.Code Analysis|Mixed Platforms.Build.0 = Release|x86
		{6DEE84FD-DCF3-4D68-9E48-EA9AED2BD5F7}.Code Analysis|x86.ActiveCfg = Release|x86
		{6DEE84FD-DCF3-4D68-9E48-EA9AED2BD5F7}.Code Analysis|x86.Build.0 = Release|x86
		{6DEE84FD-DCF3-4D68-9E48-EA9AED2BD5F7}.Debug|Any CPU.ActiveCfg = Debug|x86
		{6DEE84FD-DCF3-4D68-9E48-EA9AED2BD5F7}.Debug|Mixed Platforms.ActiveCfg = Debug|x86
		{6DEE84FD-DCF3-4D68-9E48-EA9AED2BD5F7}.Debug|Mixed Platforms.Build.0 = Debug|x86
		{6DEE84FD-DCF3-4D68-9E48-EA9AED2BD5F7}.Debug|x86.ActiveCfg = Debug|x86
		{6DEE84FD-DCF3-4D68-9E48-EA9AED2BD5F7}.Debug|x86.Build.0 = Debug|x86
		{6DEE84FD-DCF3-4D68-9E48-EA9AED2BD5F7}.Release|Any CPU.ActiveCfg = Release|x86
		{6DEE84FD-DCF3-4D68-9E48-EA9AED2BD5F7}.Release|Mixed Platforms.ActiveCfg = Release|x86
		{6DEE84FD-DCF3-4D68-9E48-EA9AED2BD5F7}.Release|Mixed Platforms.Build.0 = Release|x86
		{6DEE84FD-DCF3-4D68-9E48-EA9AED2BD5F7}.Release|x86.ActiveCfg = Release|x86
		{6DEE84FD-DCF3-4D68-9E48-EA9AED2BD5F7}.Release|x86.Build.0 = Release|x86
	EndGlobalSection
	GlobalSection(SolutionProperties) = preSolution
		HideSolutionNode = FALSE
	EndGlobalSection
EndGlobal
